// !$*UTF8*$!
{
	archiveVersion = 1;
	classes = {
	};
	objectVersion = 39;
	objects = {
		1058C7A0FEA54F0111CA2CBB = {
			children = (
				31A4C79E0BA2A570000D9E1F,
				31A4C7890BA2A3B6000D9E1F,
				31A4C77B0BA2A303000D9E1F,
				31A4C5CE0BA2A21A000D9E1F,
				1058C7A1FEA54F0111CA2CBB,
			);
			isa = PBXGroup;
			name = "Linked Frameworks";
			refType = 4;
			sourceTree = "<group>";
		};
		1058C7A1FEA54F0111CA2CBB = {
			isa = PBXFileReference;
			lastKnownFileType = wrapper.framework;
			name = Cocoa.framework;
			path = /System/Library/Frameworks/Cocoa.framework;
			refType = 0;
			sourceTree = "<absolute>";
		};
		1058C7A2FEA54F0111CA2CBB = {
			children = (
				29B97325FDCFA39411CA2CEA,
				29B97324FDCFA39411CA2CEA,
			);
			isa = PBXGroup;
			name = "Other Frameworks";
			refType = 4;
			sourceTree = "<group>";
		};
//100
//101
//102
//103
//104
//170
//171
//172
//173
//174
		17587328FF379C6511CA2CBB = {
			explicitFileType = wrapper.application;
			isa = PBXFileReference;
			path = "MPlayer OSX.app";
			refType = 3;
			sourceTree = BUILT_PRODUCTS_DIR;
		};
//170
//171
//172
//173
//174
//190
//191
//192
//193
//194
		19C28FACFE9D520D11CA2CBB = {
			children = (
				17587328FF379C6511CA2CBB,
			);
			isa = PBXGroup;
			name = Products;
			refType = 4;
			sourceTree = "<group>";
		};
//190
//191
//192
//193
//194
//290
//291
//292
//293
//294
		29B97313FDCFA39411CA2CEA = {
			buildSettings = {
			};
			buildStyles = (
				4A9504CCFFE6A4B311CA0CBA,
				4A9504CDFFE6A4B311CA0CBA,
			);
			hasScannedForEncodings = 1;
			isa = PBXProject;
			knownRegions = (
				English,
				Japanese,
				French,
				German,
				Czech,
				Korean,
				zh_TW,
				Spanish,
				sv,
				Italian,
				Danish,
				hu,
				Icelandic,
				Polish,
				pt_pt,
				zh_CN,
				Turkish,
			);
			mainGroup = 29B97314FDCFA39411CA2CEA;
			projectDirPath = "";
			targets = (
				29B97326FDCFA39411CA2CEA,
			);
		};
		29B97314FDCFA39411CA2CEA = {
			children = (
				EAB63AEC0456EAF000100134,
				EAB63AE10456EAF000100134,
				29B97315FDCFA39411CA2CEA,
				29B97317FDCFA39411CA2CEA,
				29B97323FDCFA39411CA2CEA,
				19C28FACFE9D520D11CA2CBB,
			);
			isa = PBXGroup;
			name = "MP3 Player";
			path = "";
			refType = 4;
			sourceTree = "<group>";
		};
		29B97315FDCFA39411CA2CEA = {
			children = (
				EA1413A80434958900100134,
				EA762A9504375F7C00100134,
				EA762A9604375F7C00100134,
				EA1413AF0434958900100134,
			);
			isa = PBXGroup;
			name = "Other Sources";
			path = "";
			refType = 4;
			sourceTree = "<group>";
		};
		29B97317FDCFA39411CA2CEA = {
			children = (
				3153F59F0BA21B29004D633E,
				EA28C54F0441DA8C00100134,
				374B216F0830484D00B2C7D4,
				EAB63AD60456E89C00100134,
				EAB63E990456F96400100134,
				EAB63E970456F96400100134,
				EAB63E840456F77900100134,
				31622C8C0BA203C900647D11,
			);
			isa = PBXGroup;
			name = Resources;
			path = "";
			refType = 4;
			sourceTree = "<group>";
		};
		29B97323FDCFA39411CA2CEA = {
			children = (
				1058C7A0FEA54F0111CA2CBB,
				1058C7A2FEA54F0111CA2CBB,
			);
			isa = PBXGroup;
			name = Frameworks;
			path = "";
			refType = 4;
			sourceTree = "<group>";
		};
		29B97324FDCFA39411CA2CEA = {
			isa = PBXFileReference;
			lastKnownFileType = wrapper.framework;
			name = AppKit.framework;
			path = /System/Library/Frameworks/AppKit.framework;
			refType = 0;
			sourceTree = "<absolute>";
		};
		29B97325FDCFA39411CA2CEA = {
			isa = PBXFileReference;
			lastKnownFileType = wrapper.framework;
			name = Foundation.framework;
			path = /System/Library/Frameworks/Foundation.framework;
			refType = 0;
			sourceTree = "<absolute>";
		};
		29B97326FDCFA39411CA2CEA = {
			buildPhases = (
				317C640E0BA1F55500CE6208,
				372DF39C082A87AE007180EB,
				29B97327FDCFA39411CA2CEA,
				29B97328FDCFA39411CA2CEA,
				29B9732BFDCFA39411CA2CEA,
				29B9732DFDCFA39411CA2CEA,
				F50C936402762A9C01CB152B,
			);
			buildSettings = {
				DEBUGGING_SYMBOLS = NO;
				FRAMEWORK_SEARCH_PATHS = "";
				HEADER_SEARCH_PATHS = "";
				LIBRARY_SEARCH_PATHS = "";
				OTHER_CFLAGS = "";
				OTHER_LDFLAGS = "";
				PRODUCT_NAME = "MPlayer OSX";
				SECTORDER_FLAGS = "";
				WARNING_CFLAGS = "-Wmost -Wno-four-char-constants -Wno-unknown-pragmas";
				WRAPPER_EXTENSION = app;
			};
			dependencies = (
			);
			isa = PBXApplicationTarget;
			name = "MPlayer OSX";
			productName = "MP3 Player";
			productReference = 17587328FF379C6511CA2CBB;
			productSettingsXML = "<?xml version=\"1.0\" encoding=\"UTF-8\"?>
<!DOCTYPE plist PUBLIC \"-//Apple Computer//DTD PLIST 1.0//EN\" \"http://www.apple.com/DTDs/PropertyList-1.0.dtd\">
<plist version=\"1.0\">
<dict>
	<key>ApplicationDefaults</key>
	<dict>
		<key>PathToPlayer</key>
		<string>mplayer</string>
		<key>SubtitlesEncoding</key>
		<string>CP 1250</string>
		<key>SubtitlesFontPath</key>
		<string>TeX Sans.ttf</string>
	</dict>
	<key>CFBundleDevelopmentRegion</key>
	<string>English</string>
	<key>CFBundleDocumentTypes</key>
	<array>
		<dict>
			<key>CFBundleTypeExtensions</key>
			<array>
				<string>sub</string>
				<string>srt</string>
				<string>txt</string>
				<string>rt</string>
				<string>smi</string>
				<string>ssa</string>
				<string>aqt</string>
				<string>jss</string>
				<string>utf</string>
			</array>
			<key>CFBundleTypeIconFile</key>
			<string>subtitles.icns</string>
			<key>CFBundleTypeName</key>
			<string>Subtitles file</string>
			<key>CFBundleTypeRole</key>
			<string>Viewer</string>
		</dict>
		<dict>
			<key>CFBundleTypeExtensions</key>
			<array>
				<string>mpg</string>
				<string>mpeg</string>
				<string>mp2</string>
				<string>mpg2</string>
				<string>mp4</string>
				<string>mpg4</string>
				<string>avi</string>
				<string>asf</string>
				<string>wmv</string>
				<string>qt</string>
				<string>mov</string>
				<string>fli</string>
				<string>vcd</string>
				<string>cpk</string>
				<string>rm</string>
				<string>vob</string>
				<string>3iv</string>
				<string>dat</string>
				<string>ogg</string>
				<string>ogm</string>
				<string>divx</string>
				<string>i263</string>
				<string>vfw</string>
				<string>mkv</string>
				<string>3gp</string>
				<string>h264</string>
			</array>
			<key>CFBundleTypeIconFile</key>
			<string>movie.icns</string>
			<key>CFBundleTypeName</key>
			<string>Movie file</string>
			<key>CFBundleTypeRole</key>
			<string>Viewer</string>
		</dict>
		<dict>
			<key>CFBundleTypeExtensions</key>
			<array>
				<string>aac</string>
				<string>ac3</string>
				<string>mp3</string>
				<string>wma</string>
				<string>waw</string>
				<string>pcm</string>
				<string>vaw</string>
				<string>ogg</string>
				<string>mka</string>
			</array>
			<key>CFBundleTypeIconFile</key>
			<string>audio.icns</string>
			<key>CFBundleTypeName</key>
			<string>Audio file</string>
			<key>CFBundleTypeRole</key>
			<string>Viewer</string>
		</dict>
	</array>
	<key>CFBundleExecutable</key>
	<string>MPlayer OSX</string>
	<key>CFBundleGetInfoString</key>
	<string>MPlayer OSX</string>
	<key>CFBundleHelpBookFolder</key>
	<string>Help</string>
	<key>CFBundleHelpBookName</key>
	<string>MPlayer OSX Help</string>
	<key>CFBundleIconFile</key>
	<string>icon.icns</string>
	<key>CFBundleIdentifier</key>
	<string>hu.mplayerhq.Mplayer</string>
	<key>CFBundleInfoDictionaryVersion</key>
	<string>6.0</string>
	<key>CFBundleName</key>
	<string>MPlayer OSX</string>
	<key>CFBundlePackageType</key>
	<string>APPL</string>
	<key>CFBundleSignature</key>
	<string>MPlX</string>
	<key>CFBundleVersion</key>
	<string>1.0pre8</string>
	<key>NSMainNibFile</key>
	<string>MainMenu</string>
	<key>NSPrincipalClass</key>
	<string>NSApplication</string>
</dict>
</plist>
";
		};
		29B97327FDCFA39411CA2CEA = {
			buildActionMask = 2147483647;
			files = (
				EAB63AF30456EAF000100134,
				EAB63AF50456EAF000100134,
				EAB63AF90456EAF000100134,
				EAB63AFB0456EAF000100134,
				EAB63AFD0456EAF000100134,
				EAB63B010456EAF000100134,
				317C61920BA1E35500CE6208,
				317C61940BA1E35500CE6208,
				317C61980BA1E35500CE6208,
				317C619E0BA1E44300CE6208,
				31A4C5C90BA2A167000D9E1F,
			);
			isa = PBXHeadersBuildPhase;
			runOnlyForDeploymentPostprocessing = 0;
		};
		29B97328FDCFA39411CA2CEA = {
			buildActionMask = 2147483647;
			files = (
				EA1413D00434995700100134,
				EA1413D10434995700100134,
				EA1413D40434995700100134,
				EA1413D50434995700100134,
				EA1413D60434995700100134,
				EA1413D70434995700100134,
				EA1413D80434995700100134,
				EA1413D90434995700100134,
				EA1413DA0434995700100134,
				EA1413ED04349D6F00100134,
				EA1413EE04349D6F00100134,
				EA1413EF04349D6F00100134,
				EAA344340436F8D200206191,
				EAA344350436F8D200206191,
				EAA344370436F8D200206191,
				EAA344380436F8D200206191,
				EAD0D2D20438CE2300100134,
				EAD0D2D30438CE2300100134,
				EAEB91B60439D18D00100134,
				EAEB91B70439D18D00100134,
				EAEB91B80439D18D00100134,
				EAB63E850456F77900100134,
				EA7FFB4404D428B900100017,
				EA7FFB4504D428B900100017,
				EA7FFB4604D428B900100017,
				374B21790830484D00B2C7D4,
				31C38BC80BA19B970091BCF9,
				317C61AA0BA1E63200CE6208,
				317C61AB0BA1E63200CE6208,
				317C61AC0BA1E63200CE6208,
				317C61AD0BA1E63200CE6208,
				317C61AE0BA1E67100CE6208,
				317C61AF0BA1E67B00CE6208,
				317C61B10BA1E6B400CE6208,
				317C61B80BA1E70500CE6208,
				317C61B90BA1E70500CE6208,
				317C61BA0BA1E70500CE6208,
				317C61BB0BA1E70500CE6208,
				31622C8D0BA203C900647D11,
				3153F5BC0BA21B29004D633E,
			);
			isa = PBXResourcesBuildPhase;
			runOnlyForDeploymentPostprocessing = 0;
		};
		29B9732BFDCFA39411CA2CEA = {
			buildActionMask = 2147483647;
			files = (
				EA1413BF0434958900100134,
				EAB63AF40456EAF000100134,
				EAB63AF60456EAF000100134,
				EAB63AFA0456EAF000100134,
				EAB63AFC0456EAF000100134,
				EAB63AFE0456EAF000100134,
				EAB63B020456EAF000100134,
				317C61930BA1E35500CE6208,
				317C61950BA1E35500CE6208,
				317C61990BA1E35500CE6208,
				317C619F0BA1E44300CE6208,
				31A4C5CA0BA2A168000D9E1F,
			);
			isa = PBXSourcesBuildPhase;
			runOnlyForDeploymentPostprocessing = 0;
		};
		29B9732DFDCFA39411CA2CEA = {
			buildActionMask = 2147483647;
			files = (
				31A4C5CD0BA2A1FA000D9E1F,
				31A4C77A0BA2A29B000D9E1F,
				31A4C77C0BA2A303000D9E1F,
				31A4C78A0BA2A3B6000D9E1F,
				31A4C79F0BA2A570000D9E1F,
			);
			isa = PBXFrameworksBuildPhase;
			runOnlyForDeploymentPostprocessing = 0;
		};
//290
//291
//292
//293
//294
//310
//311
//312
//313
//314
		3153F59F0BA21B29004D633E = {
			isa = PBXFileReference;
			lastKnownFileType = folder;
			path = External_Binaries;
			refType = 4;
			sourceTree = "<group>";
		};
		3153F5BC0BA21B29004D633E = {
			fileRef = 3153F59F0BA21B29004D633E;
			isa = PBXBuildFile;
			settings = {
			};
		};
		31622C8C0BA203C900647D11 = {
			fileEncoding = 30;
			isa = PBXFileReference;
			lastKnownFileType = text.plist.xml;
			name = "MPlayer OSX PPC-Info.plist";
			path = "Resources/MPlayer OSX PPC-Info.plist";
			refType = 4;
			sourceTree = "<group>";
		};
		31622C8D0BA203C900647D11 = {
			fileRef = 31622C8C0BA203C900647D11;
			isa = PBXBuildFile;
			settings = {
			};
		};
		317C618A0BA1E35500CE6208 = {
			fileEncoding = 30;
			isa = PBXFileReference;
			lastKnownFileType = sourcecode.c.h;
			path = PlayerWindow.h;
			refType = 4;
			sourceTree = "<group>";
		};
		317C618B0BA1E35500CE6208 = {
			fileEncoding = 30;
			isa = PBXFileReference;
			lastKnownFileType = sourcecode.c.objc;
			path = PlayerWindow.m;
			refType = 4;
			sourceTree = "<group>";
		};
		317C618C0BA1E35500CE6208 = {
			fileEncoding = 30;
			isa = PBXFileReference;
			lastKnownFileType = sourcecode.c.h;
			path = PlaylistTableView.h;
			refType = 4;
			sourceTree = "<group>";
		};
		317C618D0BA1E35500CE6208 = {
			fileEncoding = 30;
			isa = PBXFileReference;
			lastKnownFileType = sourcecode.c.objc;
			path = PlaylistTableView.m;
			refType = 4;
			sourceTree = "<group>";
		};
		317C618E0BA1E35500CE6208 = {
			fileEncoding = 30;
			isa = PBXFileReference;
			lastKnownFileType = sourcecode.c.h;
			path = VideoOpenGLView.h;
			refType = 4;
			sourceTree = "<group>";
		};
		317C618F0BA1E35500CE6208 = {
			fileEncoding = 30;
			isa = PBXFileReference;
			lastKnownFileType = sourcecode.c.objc;
			path = VideoOpenGLView.m;
			refType = 4;
			sourceTree = "<group>";
		};
		317C61900BA1E35500CE6208 = {
			fileEncoding = 30;
			isa = PBXFileReference;
			lastKnownFileType = sourcecode.c.h;
			path = VolumeSlider.h;
			refType = 4;
			sourceTree = "<group>";
		};
		317C61910BA1E35500CE6208 = {
			fileEncoding = 30;
			isa = PBXFileReference;
			lastKnownFileType = sourcecode.c.objc;
			path = VolumeSlider.m;
			refType = 4;
			sourceTree = "<group>";
		};
		317C61920BA1E35500CE6208 = {
			fileRef = 317C618A0BA1E35500CE6208;
			isa = PBXBuildFile;
			settings = {
			};
		};
		317C61930BA1E35500CE6208 = {
			fileRef = 317C618B0BA1E35500CE6208;
			isa = PBXBuildFile;
			settings = {
			};
		};
		317C61940BA1E35500CE6208 = {
			fileRef = 317C618C0BA1E35500CE6208;
			isa = PBXBuildFile;
			settings = {
			};
		};
		317C61950BA1E35500CE6208 = {
			fileRef = 317C618D0BA1E35500CE6208;
			isa = PBXBuildFile;
			settings = {
			};
		};
		317C61980BA1E35500CE6208 = {
			fileRef = 317C61900BA1E35500CE6208;
			isa = PBXBuildFile;
			settings = {
			};
		};
		317C61990BA1E35500CE6208 = {
			fileRef = 317C61910BA1E35500CE6208;
			isa = PBXBuildFile;
			settings = {
			};
		};
		317C619C0BA1E44300CE6208 = {
			fileEncoding = 30;
			isa = PBXFileReference;
			lastKnownFileType = sourcecode.c.h;
			path = PlayListController.h;
			refType = 4;
			sourceTree = "<group>";
		};
		317C619D0BA1E44300CE6208 = {
			fileEncoding = 30;
			isa = PBXFileReference;
			lastKnownFileType = sourcecode.c.objc;
			path = PlayListController.m;
			refType = 4;
			sourceTree = "<group>";
		};
		317C619E0BA1E44300CE6208 = {
			fileRef = 317C619C0BA1E44300CE6208;
			isa = PBXBuildFile;
			settings = {
			};
		};
		317C619F0BA1E44300CE6208 = {
			fileRef = 317C619D0BA1E44300CE6208;
			isa = PBXBuildFile;
			settings = {
			};
		};
		317C61A60BA1E63200CE6208 = {
			isa = PBXFileReference;
			lastKnownFileType = image.png;
			name = gotob_button_off.png;
			path = Resources/Graphics/gotob_button_off.png;
			refType = 4;
			sourceTree = "<group>";
		};
		317C61A70BA1E63200CE6208 = {
			isa = PBXFileReference;
			lastKnownFileType = image.png;
			name = gotob_button_on.png;
			path = Resources/Graphics/gotob_button_on.png;
			refType = 4;
			sourceTree = "<group>";
		};
		317C61A80BA1E63200CE6208 = {
			isa = PBXFileReference;
			lastKnownFileType = image.png;
			name = gotoe_button_off.png;
			path = Resources/Graphics/gotoe_button_off.png;
			refType = 4;
			sourceTree = "<group>";
		};
		317C61A90BA1E63200CE6208 = {
			isa = PBXFileReference;
			lastKnownFileType = image.png;
			name = gotoe_button_on.png;
			path = Resources/Graphics/gotoe_button_on.png;
			refType = 4;
			sourceTree = "<group>";
		};
		317C61AA0BA1E63200CE6208 = {
			fileRef = 317C61A60BA1E63200CE6208;
			isa = PBXBuildFile;
			settings = {
			};
		};
		317C61AB0BA1E63200CE6208 = {
			fileRef = 317C61A70BA1E63200CE6208;
			isa = PBXBuildFile;
			settings = {
			};
		};
		317C61AC0BA1E63200CE6208 = {
			fileRef = 317C61A80BA1E63200CE6208;
			isa = PBXBuildFile;
			settings = {
			};
		};
		317C61AD0BA1E63200CE6208 = {
			fileRef = 317C61A90BA1E63200CE6208;
			isa = PBXBuildFile;
			settings = {
			};
		};
		317C61AE0BA1E67100CE6208 = {
			fileRef = EA1413F004349D7D00100134;
			isa = PBXBuildFile;
			settings = {
			};
		};
		317C61AF0BA1E67B00CE6208 = {
			fileRef = EA1413F104349D7D00100134;
			isa = PBXBuildFile;
			settings = {
			};
		};
		317C61B00BA1E6B400CE6208 = {
			isa = PBXFileReference;
			lastKnownFileType = image.png;
			name = scrub_bar_anim.png;
			path = Resources/Graphics/scrub_bar_anim.png;
			refType = 4;
			sourceTree = "<group>";
		};
		317C61B10BA1E6B400CE6208 = {
			fileRef = 317C61B00BA1E6B400CE6208;
			isa = PBXBuildFile;
			settings = {
			};
		};
		317C61B40BA1E70500CE6208 = {
			isa = PBXFileReference;
			lastKnownFileType = image.png;
			name = volume1.png;
			path = Resources/Graphics/volume1.png;
			refType = 4;
			sourceTree = "<group>";
		};
		317C61B50BA1E70500CE6208 = {
			isa = PBXFileReference;
			lastKnownFileType = image.png;
			name = volume2.png;
			path = Resources/Graphics/volume2.png;
			refType = 4;
			sourceTree = "<group>";
		};
		317C61B60BA1E70500CE6208 = {
			isa = PBXFileReference;
			lastKnownFileType = image.png;
			name = volumeKnobOff.png;
			path = Resources/Graphics/volumeKnobOff.png;
			refType = 4;
			sourceTree = "<group>";
		};
		317C61B70BA1E70500CE6208 = {
			isa = PBXFileReference;
			lastKnownFileType = image.png;
			name = volumeKnobOn.png;
			path = Resources/Graphics/volumeKnobOn.png;
			refType = 4;
			sourceTree = "<group>";
		};
		317C61B80BA1E70500CE6208 = {
			fileRef = 317C61B40BA1E70500CE6208;
			isa = PBXBuildFile;
			settings = {
			};
		};
		317C61B90BA1E70500CE6208 = {
			fileRef = 317C61B50BA1E70500CE6208;
			isa = PBXBuildFile;
			settings = {
			};
		};
		317C61BA0BA1E70500CE6208 = {
			fileRef = 317C61B60BA1E70500CE6208;
			isa = PBXBuildFile;
			settings = {
			};
		};
		317C61BB0BA1E70500CE6208 = {
			fileRef = 317C61B70BA1E70500CE6208;
			isa = PBXBuildFile;
			settings = {
			};
		};
		317C640E0BA1F55500CE6208 = {
			buildActionMask = 2147483647;
			files = (
			);
			inputPaths = (
				../main/mplayer,
			);
			isa = PBXShellScriptBuildPhase;
			outputPaths = (
				External_Binaries/mplayer_ppc.app/Contents/MacOS/mplayer,
			);
			runOnlyForDeploymentPostprocessing = 0;
			shellPath = /bin/sh;
			shellScript = "cp -p ../main/mplayer External_Binaries/mplayer_ppc.app/Contents/MacOS";
		};
		31A4C5C90BA2A167000D9E1F = {
			fileRef = 317C618E0BA1E35500CE6208;
			isa = PBXBuildFile;
			settings = {
			};
		};
		31A4C5CA0BA2A168000D9E1F = {
			fileRef = 317C618F0BA1E35500CE6208;
			isa = PBXBuildFile;
			settings = {
			};
		};
		31A4C5CD0BA2A1FA000D9E1F = {
			fileRef = 1058C7A1FEA54F0111CA2CBB;
			isa = PBXBuildFile;
			settings = {
			};
		};
		31A4C5CE0BA2A21A000D9E1F = {
			isa = PBXFileReference;
			lastKnownFileType = wrapper.framework;
			name = Carbon.framework;
			path = /System/Library/Frameworks/Carbon.framework;
			refType = 0;
			sourceTree = "<absolute>";
		};
		31A4C77A0BA2A29B000D9E1F = {
			fileRef = 31A4C5CE0BA2A21A000D9E1F;
			isa = PBXBuildFile;
			settings = {
			};
		};
		31A4C77B0BA2A303000D9E1F = {
			isa = PBXFileReference;
			lastKnownFileType = wrapper.framework;
			name = AGL.framework;
			path = /System/Library/Frameworks/AGL.framework;
			refType = 0;
			sourceTree = "<absolute>";
		};
		31A4C77C0BA2A303000D9E1F = {
			fileRef = 31A4C77B0BA2A303000D9E1F;
			isa = PBXBuildFile;
			settings = {
			};
		};
		31A4C7890BA2A3B6000D9E1F = {
			isa = PBXFileReference;
			lastKnownFileType = wrapper.framework;
			name = OpenGL.framework;
			path = /System/Library/Frameworks/OpenGL.framework;
			refType = 0;
			sourceTree = "<absolute>";
		};
		31A4C78A0BA2A3B6000D9E1F = {
			fileRef = 31A4C7890BA2A3B6000D9E1F;
			isa = PBXBuildFile;
			settings = {
			};
		};
		31A4C79E0BA2A570000D9E1F = {
			isa = PBXFileReference;
			lastKnownFileType = wrapper.framework;
			name = QuartzCore.framework;
			path = /System/Library/Frameworks/QuartzCore.framework;
			refType = 0;
			sourceTree = "<absolute>";
		};
		31A4C79F0BA2A570000D9E1F = {
			fileRef = 31A4C79E0BA2A570000D9E1F;
			isa = PBXBuildFile;
			settings = {
			};
		};
		31C38BC70BA19B970091BCF9 = {
			isa = PBXFileReference;
			lastKnownFileType = image.png;
			name = stop_button_on.png;
			path = Resources/Graphics/stop_button_on.png;
			refType = 4;
			sourceTree = "<group>";
		};
		31C38BC80BA19B970091BCF9 = {
			fileRef = 31C38BC70BA19B970091BCF9;
			isa = PBXBuildFile;
			settings = {
			};
		};
//310
//311
//312
//313
//314
//370
//371
//372
//373
//374
		372DF39C082A87AE007180EB = {
			buildActionMask = 2147483647;
			files = (
			);
			inputPaths = (
				../main_noaltivec/mplayer,
			);
			isa = PBXShellScriptBuildPhase;
			outputPaths = (
				External_Binaries/mplayer_noaltivec.app/Contents/MacOS/mplayer,
			);
			runOnlyForDeploymentPostprocessing = 0;
			shellPath = /bin/sh;
			shellScript = "cp -p ../main_noaltivec/mplayer External_Binaries/mplayer_noaltivec.app/Contents/MacOS";
		};
		374B216F0830484D00B2C7D4 = {
			explicitFileType = folder;
			isa = PBXFileReference;
			name = "MPlayer OSX Help";
			path = "Resources/English.lproj/MPlayer OSX Help";
			refType = 4;
			sourceTree = "<group>";
		};
		374B21790830484D00B2C7D4 = {
			fileRef = 374B216F0830484D00B2C7D4;
			isa = PBXBuildFile;
			settings = {
			};
		};
//370
//371
//372
//373
//374
//4A0
//4A1
//4A2
//4A3
//4A4
		4A9504CCFFE6A4B311CA0CBA = {
			buildSettings = {
				COPY_PHASE_STRIP = NO;
				GCC_DYNAMIC_NO_PIC = NO;
				GCC_ENABLE_FIX_AND_CONTINUE = YES;
				GCC_GENERATE_DEBUGGING_SYMBOLS = YES;
				GCC_OPTIMIZATION_LEVEL = 0;
				OPTIMIZATION_CFLAGS = "-O0";
				ZERO_LINK = YES;
			};
			isa = PBXBuildStyle;
			name = Development;
		};
		4A9504CDFFE6A4B311CA0CBA = {
			buildSettings = {
				COPY_PHASE_STRIP = YES;
				GCC_ENABLE_FIX_AND_CONTINUE = NO;
				ZERO_LINK = NO;
			};
			isa = PBXBuildStyle;
			name = Deployment;
		};
//4A0
//4A1
//4A2
//4A3
//4A4
//EA0
//EA1
//EA2
//EA3
//EA4
		EA1413A80434958900100134 = {
			fileEncoding = 30;
			isa = PBXFileReference;
			lastKnownFileType = sourcecode.c.h;
			name = ExternalStrings.h;
			path = Sources/ExternalStrings.h;
			refType = 4;
			sourceTree = "<group>";
		};
		EA1413AF0434958900100134 = {
			fileEncoding = 30;
			isa = PBXFileReference;
			lastKnownFileType = sourcecode.c.objc;
			name = main.m;
			path = Sources/main.m;
			refType = 4;
			sourceTree = "<group>";
		};
		EA1413BF0434958900100134 = {
			fileRef = EA1413AF0434958900100134;
			isa = PBXBuildFile;
			settings = {
			};
		};
		EA1413C50434995700100134 = {
			isa = PBXFileReference;
			lastKnownFileType = image.icns;
			name = icon.icns;
			path = Resources/Graphics/icon.icns;
			refType = 4;
			sourceTree = "<group>";
		};
		EA1413C60434995700100134 = {
			isa = PBXFileReference;
			lastKnownFileType = image.png;
			name = playing_state.png;
			path = Resources/Graphics/playing_state.png;
			refType = 4;
			sourceTree = "<group>";
		};
		EA1413C90434995700100134 = {
			isa = PBXFileReference;
			lastKnownFileType = image.png;
			name = rwd_button_off.png;
			path = Resources/Graphics/rwd_button_off.png;
			refType = 4;
			sourceTree = "<group>";
		};
		EA1413CA0434995700100134 = {
			isa = PBXFileReference;
			lastKnownFileType = image.png;
			name = ffwd_button_off.png;
			path = Resources/Graphics/ffwd_button_off.png;
			refType = 4;
			sourceTree = "<group>";
		};
		EA1413CB0434995700100134 = {
			isa = PBXFileReference;
			lastKnownFileType = image.png;
			name = play_button_off.png;
			path = Resources/Graphics/play_button_off.png;
			refType = 4;
			sourceTree = "<group>";
		};
		EA1413CC0434995700100134 = {
			isa = PBXFileReference;
			lastKnownFileType = image.png;
			name = settings.png;
			path = Resources/Graphics/settings.png;
			refType = 4;
			sourceTree = "<group>";
		};
		EA1413CD0434995700100134 = {
			isa = PBXFileReference;
			lastKnownFileType = image.png;
			name = pause_button_off.png;
			path = Resources/Graphics/pause_button_off.png;
			refType = 4;
			sourceTree = "<group>";
		};
		EA1413CE0434995700100134 = {
			isa = PBXFileReference;
			lastKnownFileType = image.png;
			name = stop_button_off.png;
			path = Resources/Graphics/stop_button_off.png;
			refType = 4;
			sourceTree = "<group>";
		};
		EA1413CF0434995700100134 = {
			isa = PBXFileReference;
			lastKnownFileType = image.png;
			name = info.png;
			path = Resources/Graphics/info.png;
			refType = 4;
			sourceTree = "<group>";
		};
		EA1413D00434995700100134 = {
			fileRef = EA1413C50434995700100134;
			isa = PBXBuildFile;
			settings = {
			};
		};
		EA1413D10434995700100134 = {
			fileRef = EA1413C60434995700100134;
			isa = PBXBuildFile;
			settings = {
			};
		};
		EA1413D40434995700100134 = {
			fileRef = EA1413C90434995700100134;
			isa = PBXBuildFile;
			settings = {
			};
		};
		EA1413D50434995700100134 = {
			fileRef = EA1413CA0434995700100134;
			isa = PBXBuildFile;
			settings = {
			};
		};
		EA1413D60434995700100134 = {
			fileRef = EA1413CB0434995700100134;
			isa = PBXBuildFile;
			settings = {
			};
		};
		EA1413D70434995700100134 = {
			fileRef = EA1413CC0434995700100134;
			isa = PBXBuildFile;
			settings = {
			};
		};
		EA1413D80434995700100134 = {
			fileRef = EA1413CD0434995700100134;
			isa = PBXBuildFile;
			settings = {
			};
		};
		EA1413D90434995700100134 = {
			fileRef = EA1413CE0434995700100134;
			isa = PBXBuildFile;
			settings = {
			};
		};
		EA1413DA0434995700100134 = {
			fileRef = EA1413CF0434995700100134;
			isa = PBXBuildFile;
			settings = {
			};
		};
		EA1413EA04349D6F00100134 = {
			isa = PBXFileReference;
			lastKnownFileType = image.png;
			name = play_mode_0.png;
			path = Resources/Graphics/play_mode_0.png;
			refType = 4;
			sourceTree = "<group>";
		};
		EA1413EB04349D6F00100134 = {
			isa = PBXFileReference;
			lastKnownFileType = image.png;
			name = play_mode_2.png;
			path = Resources/Graphics/play_mode_2.png;
			refType = 4;
			sourceTree = "<group>";
		};
		EA1413EC04349D6F00100134 = {
			isa = PBXFileReference;
			lastKnownFileType = image.png;
			name = play_mode_1.png;
			path = Resources/Graphics/play_mode_1.png;
			refType = 4;
			sourceTree = "<group>";
		};
		EA1413ED04349D6F00100134 = {
			fileRef = EA1413EA04349D6F00100134;
			isa = PBXBuildFile;
			settings = {
			};
		};
		EA1413EE04349D6F00100134 = {
			fileRef = EA1413EB04349D6F00100134;
			isa = PBXBuildFile;
			settings = {
			};
		};
		EA1413EF04349D6F00100134 = {
			fileRef = EA1413EC04349D6F00100134;
			isa = PBXBuildFile;
			settings = {
			};
		};
		EA1413F004349D7D00100134 = {
			isa = PBXFileReference;
			lastKnownFileType = image.png;
			name = playing_dvd.png;
			path = Resources/Graphics/playing_dvd.png;
			refType = 4;
			sourceTree = "<group>";
		};
		EA1413F104349D7D00100134 = {
			isa = PBXFileReference;
			lastKnownFileType = image.png;
			name = playing_stream.png;
			path = Resources/Graphics/playing_stream.png;
			refType = 4;
			sourceTree = "<group>";
		};
		EA28C54F0441DA8C00100134 = {
			includeInIndex = 1;
			isa = PBXFileReference;
			lastKnownFileType = folder;
			name = Fonts;
			path = Resources/Fonts;
			refType = 4;
			sourceTree = "<group>";
		};
		EA762A9504375F7C00100134 = {
			fileEncoding = 30;
			isa = PBXFileReference;
			lastKnownFileType = sourcecode.c.h;
			name = LocalizedInterface.h;
			path = Sources/LocalizedInterface.h;
			refType = 4;
			sourceTree = "<group>";
		};
		EA762A9604375F7C00100134 = {
			fileEncoding = 30;
			isa = PBXFileReference;
			lastKnownFileType = sourcecode.c.objc;
			name = LocalizedInterface.m;
			path = Sources/LocalizedInterface.m;
			refType = 4;
			sourceTree = "<group>";
		};
		EA7FFB4104D428B900100017 = {
			isa = PBXFileReference;
			lastKnownFileType = image.tiff;
			name = scrub_bar_badge.tif;
			path = Resources/Graphics/scrub_bar_badge.tif;
			refType = 4;
			sourceTree = "<group>";
		};
		EA7FFB4204D428B900100017 = {
			isa = PBXFileReference;
			lastKnownFileType = image.tiff;
			name = scrub_bar_ends.tif;
			path = Resources/Graphics/scrub_bar_ends.tif;
			refType = 4;
			sourceTree = "<group>";
		};
		EA7FFB4304D428B900100017 = {
			isa = PBXFileReference;
			lastKnownFileType = image.tiff;
			name = scrub_bar_run.tif;
			path = Resources/Graphics/scrub_bar_run.tif;
			refType = 4;
			sourceTree = "<group>";
		};
		EA7FFB4404D428B900100017 = {
			fileRef = EA7FFB4104D428B900100017;
			isa = PBXBuildFile;
			settings = {
			};
		};
		EA7FFB4504D428B900100017 = {
			fileRef = EA7FFB4204D428B900100017;
			isa = PBXBuildFile;
			settings = {
			};
		};
		EA7FFB4604D428B900100017 = {
			fileRef = EA7FFB4304D428B900100017;
			isa = PBXBuildFile;
			settings = {
			};
		};
		EA89B46304729ED900100017 = {
			fileEncoding = 4;
			isa = PBXFileReference;
			lastKnownFileType = text.plist.strings;
			name = Polish;
			path = Resources/Localizations/Polish.lproj/InfoPlist.strings;
			refType = 4;
			sourceTree = "<group>";
		};
		EA89B46404729ED900100017 = {
			fileEncoding = 4;
			isa = PBXFileReference;
			lastKnownFileType = text.plist.strings;
			name = Polish;
			path = Resources/Localizations/Polish.lproj/Localizable.strings;
			refType = 4;
			sourceTree = "<group>";
		};
		EAA3442F0436F8D100206191 = {
			isa = PBXFileReference;
			lastKnownFileType = image.png;
			name = rwd_button_on.png;
			path = Resources/Graphics/rwd_button_on.png;
			refType = 4;
			sourceTree = "<group>";
		};
		EAA344300436F8D100206191 = {
			isa = PBXFileReference;
			lastKnownFileType = image.png;
			name = ffwd_button_on.png;
			path = Resources/Graphics/ffwd_button_on.png;
			refType = 4;
			sourceTree = "<group>";
		};
		EAA344310436F8D100206191 = {
			isa = PBXFileReference;
			lastKnownFileType = image.png;
			name = stop_mini.png;
			path = Resources/Graphics/stop_mini.png;
			refType = 4;
			sourceTree = "<group>";
		};
		EAA344320436F8D100206191 = {
			isa = PBXFileReference;
			lastKnownFileType = image.png;
			name = pause_button_on.png;
			path = Resources/Graphics/pause_button_on.png;
			refType = 4;
			sourceTree = "<group>";
		};
		EAA344330436F8D200206191 = {
			isa = PBXFileReference;
			lastKnownFileType = image.png;
			name = play_button_on.png;
			path = Resources/Graphics/play_button_on.png;
			refType = 4;
			sourceTree = "<group>";
		};
		EAA344340436F8D200206191 = {
			fileRef = EAA3442F0436F8D100206191;
			isa = PBXBuildFile;
			settings = {
			};
		};
		EAA344350436F8D200206191 = {
			fileRef = EAA344300436F8D100206191;
			isa = PBXBuildFile;
			settings = {
			};
		};
		EAA344370436F8D200206191 = {
			fileRef = EAA344320436F8D100206191;
			isa = PBXBuildFile;
			settings = {
			};
		};
		EAA344380436F8D200206191 = {
			fileRef = EAA344330436F8D200206191;
			isa = PBXBuildFile;
			settings = {
			};
		};
		EAABB9AA045DA1E700100134 = {
			fileEncoding = 4;
			isa = PBXFileReference;
			lastKnownFileType = text.plist.strings;
			name = sv;
			path = Resources/Localizations/sv.lproj/Localizable.strings;
			refType = 4;
			sourceTree = "<group>";
		};
		EAABB9AB045DA1E700100134 = {
			fileEncoding = 4;
			isa = PBXFileReference;
			lastKnownFileType = text.plist.strings;
			name = sv;
			path = Resources/Localizations/sv.lproj/InfoPlist.strings;
			refType = 4;
			sourceTree = "<group>";
		};
		EAABB9AC045DA4AC00100134 = {
			fileEncoding = 4;
			isa = PBXFileReference;
			lastKnownFileType = text.plist.strings;
			name = Italian;
			path = Resources/Localizations/Italian.lproj/InfoPlist.strings;
			refType = 4;
			sourceTree = "<group>";
		};
		EAABB9AD045DA4AC00100134 = {
			fileEncoding = 4;
			isa = PBXFileReference;
			lastKnownFileType = text.plist.strings;
			name = Italian;
			path = Resources/Localizations/Italian.lproj/Localizable.strings;
			refType = 4;
			sourceTree = "<group>";
		};
		EAAD713604D5269D00206191 = {
			fileEncoding = 4;
			isa = PBXFileReference;
			lastKnownFileType = text.plist.strings;
			name = pt_pt;
			path = Resources/Localizations/pt_pt.lproj/InfoPlist.strings;
			refType = 4;
			sourceTree = "<group>";
		};
		EAAD713704D5269D00206191 = {
			fileEncoding = 4;
			isa = PBXFileReference;
			lastKnownFileType = text.plist.strings;
			name = pt_pt;
			path = Resources/Localizations/pt_pt.lproj/Localizable.strings;
			refType = 4;
			sourceTree = "<group>";
		};
		EAAD713804D5272300206191 = {
			fileEncoding = 4;
			isa = PBXFileReference;
			lastKnownFileType = text.plist.strings;
			name = zh_CN;
			path = Resources/Localizations/zh_CN.lproj/InfoPlist.strings;
			refType = 4;
			sourceTree = "<group>";
		};
		EAAD713904D5272300206191 = {
			fileEncoding = 4;
			isa = PBXFileReference;
			lastKnownFileType = text.plist.strings;
			name = zh_CN;
			path = Resources/Localizations/zh_CN.lproj/Localizable.strings;
			refType = 4;
			sourceTree = "<group>";
		};
		EAB63AD60456E89C00100134 = {
			children = (
				EAEB91B30439D18D00100134,
				EA1413CA0434995700100134,
				EAA344300436F8D100206191,
				317C61A60BA1E63200CE6208,
				317C61A70BA1E63200CE6208,
				317C61A80BA1E63200CE6208,
				317C61A90BA1E63200CE6208,
				EA1413C50434995700100134,
				EA1413CF0434995700100134,
				EAEB91B40439D18D00100134,
				EA1413CD0434995700100134,
				EAA344320436F8D100206191,
				EA1413CB0434995700100134,
				EAA344330436F8D200206191,
				EA1413EA04349D6F00100134,
				EA1413EC04349D6F00100134,
				EA1413EB04349D6F00100134,
				EA1413F004349D7D00100134,
				EA1413C60434995700100134,
				EA1413F104349D7D00100134,
				EA1413C90434995700100134,
				EAA3442F0436F8D100206191,
				317C61B00BA1E6B400CE6208,
				EA7FFB4104D428B900100017,
				EA7FFB4204D428B900100017,
				EA7FFB4304D428B900100017,
				EA1413CC0434995700100134,
				EA1413CE0434995700100134,
				31C38BC70BA19B970091BCF9,
				EAA344310436F8D100206191,
				EAEB91B50439D18D00100134,
				EAD0D2D00438CE2300100134,
				317C61B40BA1E70500CE6208,
				317C61B50BA1E70500CE6208,
				EAD0D2D10438CE2300100134,
				317C61B60BA1E70500CE6208,
				317C61B70BA1E70500CE6208,
			);
			isa = PBXGroup;
			name = Graphics;
			refType = 4;
			sourceTree = "<group>";
		};
		EAB63AE10456EAF000100134 = {
			children = (
				EAB63AE20456EAF000100134,
				EAB63AE30456EAF000100134,
				317C619C0BA1E44300CE6208,
				317C619D0BA1E44300CE6208,
				EAB63AE40456EAF000100134,
				EAB63AE50456EAF000100134,
				EAB63AE80456EAF000100134,
				EAB63AE90456EAF000100134,
				EAB63AEA0456EAF000100134,
				EAB63AEB0456EAF000100134,
			);
			isa = PBXGroup;
			name = Controllers;
			path = Sources/Controllers;
			refType = 4;
			sourceTree = "<group>";
		};
		EAB63AE20456EAF000100134 = {
			fileEncoding = 30;
			isa = PBXFileReference;
			lastKnownFileType = sourcecode.c.h;
			path = AppController.h;
			refType = 4;
			sourceTree = "<group>";
		};
		EAB63AE30456EAF000100134 = {
			fileEncoding = 30;
			isa = PBXFileReference;
			lastKnownFileType = sourcecode.c.objc;
			path = AppController.m;
			refType = 4;
			sourceTree = "<group>";
		};
		EAB63AE40456EAF000100134 = {
			fileEncoding = 30;
			isa = PBXFileReference;
			lastKnownFileType = sourcecode.c.h;
			path = PlayerController.h;
			refType = 4;
			sourceTree = "<group>";
		};
		EAB63AE50456EAF000100134 = {
			fileEncoding = 30;
			isa = PBXFileReference;
			lastKnownFileType = sourcecode.c.objc;
			path = PlayerController.m;
			refType = 4;
			sourceTree = "<group>";
		};
		EAB63AE80456EAF000100134 = {
			fileEncoding = 30;
			isa = PBXFileReference;
			lastKnownFileType = sourcecode.c.h;
			path = PreferencesController.h;
			refType = 4;
			sourceTree = "<group>";
		};
		EAB63AE90456EAF000100134 = {
			fileEncoding = 30;
			isa = PBXFileReference;
			lastKnownFileType = sourcecode.c.objc;
			path = PreferencesController.m;
			refType = 4;
			sourceTree = "<group>";
		};
		EAB63AEA0456EAF000100134 = {
			fileEncoding = 30;
			isa = PBXFileReference;
			lastKnownFileType = sourcecode.c.h;
			path = SettingsController.h;
			refType = 4;
			sourceTree = "<group>";
		};
		EAB63AEB0456EAF000100134 = {
			fileEncoding = 30;
			isa = PBXFileReference;
			lastKnownFileType = sourcecode.c.objc;
			path = SettingsController.m;
			refType = 4;
			sourceTree = "<group>";
		};
		EAB63AEC0456EAF000100134 = {
			children = (
				EAB63AED0456EAF000100134,
				EAB63AEE0456EAF000100134,
				317C618A0BA1E35500CE6208,
				317C618B0BA1E35500CE6208,
				317C618C0BA1E35500CE6208,
				317C618D0BA1E35500CE6208,
				EAB63AF10456EAF000100134,
				EAB63AF20456EAF000100134,
				317C618E0BA1E35500CE6208,
				317C618F0BA1E35500CE6208,
				317C61900BA1E35500CE6208,
				317C61910BA1E35500CE6208,
			);
			isa = PBXGroup;
			name = Classes;
			path = Sources/Classes;
			refType = 4;
			sourceTree = "<group>";
		};
		EAB63AED0456EAF000100134 = {
			fileEncoding = 30;
			isa = PBXFileReference;
			lastKnownFileType = sourcecode.c.h;
			path = MplayerInterface.h;
			refType = 4;
			sourceTree = "<group>";
		};
		EAB63AEE0456EAF000100134 = {
			fileEncoding = 30;
			isa = PBXFileReference;
			lastKnownFileType = sourcecode.c.objc;
			path = MplayerInterface.m;
			refType = 4;
			sourceTree = "<group>";
		};
		EAB63AF10456EAF000100134 = {
			fileEncoding = 30;
			isa = PBXFileReference;
			lastKnownFileType = sourcecode.c.h;
			path = ScrubbingBar.h;
			refType = 4;
			sourceTree = "<group>";
		};
		EAB63AF20456EAF000100134 = {
			fileEncoding = 30;
			isa = PBXFileReference;
			lastKnownFileType = sourcecode.c.objc;
			path = ScrubbingBar.m;
			refType = 4;
			sourceTree = "<group>";
		};
		EAB63AF30456EAF000100134 = {
			fileRef = EAB63AE20456EAF000100134;
			isa = PBXBuildFile;
			settings = {
			};
		};
		EAB63AF40456EAF000100134 = {
			fileRef = EAB63AE30456EAF000100134;
			isa = PBXBuildFile;
			settings = {
			};
		};
		EAB63AF50456EAF000100134 = {
			fileRef = EAB63AE40456EAF000100134;
			isa = PBXBuildFile;
			settings = {
			};
		};
		EAB63AF60456EAF000100134 = {
			fileRef = EAB63AE50456EAF000100134;
			isa = PBXBuildFile;
			settings = {
			};
		};
		EAB63AF90456EAF000100134 = {
			fileRef = EAB63AE80456EAF000100134;
			isa = PBXBuildFile;
			settings = {
			};
		};
		EAB63AFA0456EAF000100134 = {
			fileRef = EAB63AE90456EAF000100134;
			isa = PBXBuildFile;
			settings = {
			};
		};
		EAB63AFB0456EAF000100134 = {
			fileRef = EAB63AEA0456EAF000100134;
			isa = PBXBuildFile;
			settings = {
			};
		};
		EAB63AFC0456EAF000100134 = {
			fileRef = EAB63AEB0456EAF000100134;
			isa = PBXBuildFile;
			settings = {
			};
		};
		EAB63AFD0456EAF000100134 = {
			fileRef = EAB63AED0456EAF000100134;
			isa = PBXBuildFile;
			settings = {
			};
		};
		EAB63AFE0456EAF000100134 = {
			fileRef = EAB63AEE0456EAF000100134;
			isa = PBXBuildFile;
			settings = {
			};
		};
		EAB63B010456EAF000100134 = {
			fileRef = EAB63AF10456EAF000100134;
			isa = PBXBuildFile;
			settings = {
			};
		};
		EAB63B020456EAF000100134 = {
			fileRef = EAB63AF20456EAF000100134;
			isa = PBXBuildFile;
			settings = {
			};
		};
		EAB63E840456F77900100134 = {
			isa = PBXFileReference;
			lastKnownFileType = wrapper.nib;
			name = MainMenu.nib;
			path = Resources/English.lproj/MainMenu.nib;
			refType = 4;
			sourceTree = "<group>";
		};
		EAB63E850456F77900100134 = {
			fileRef = EAB63E840456F77900100134;
			isa = PBXBuildFile;
			settings = {
			};
		};
		EAB63E970456F96400100134 = {
			children = (
				EAB63E980456F96400100134,
				EAB63E9D0456F96400100134,
				EAB63E9F0456F96400100134,
				EAB63EA10456F96400100134,
				EAB63EA30456F96400100134,
				EAB63EA40456F96400100134,
				EAABB9AA045DA1E700100134,
				EAABB9AD045DA4AC00100134,
				EAF561CE0468149700100017,
				EAF563FD0468303300100017,
				EA89B46404729ED900100017,
				EAAD713704D5269D00206191,
				EAAD713904D5272300206191,
			);
			isa = PBXVariantGroup;
			name = Localizable.strings;
			path = "";
			refType = 4;
			sourceTree = "<group>";
		};
		EAB63E980456F96400100134 = {
			fileEncoding = 4;
			isa = PBXFileReference;
			lastKnownFileType = text.plist.strings;
			name = Czech;
			path = Resources/Localizations/Czech.lproj/Localizable.strings;
			refType = 4;
			sourceTree = "<group>";
		};
		EAB63E990456F96400100134 = {
			children = (
				EAB63E9A0456F96400100134,
				EAB63E9B0456F96400100134,
				EAB63E9C0456F96400100134,
				EAB63E9E0456F96400100134,
				EAB63EA00456F96400100134,
				EAB63EA20456F96400100134,
				EAB63EA50456F96400100134,
				EAABB9AB045DA1E700100134,
				EAABB9AC045DA4AC00100134,
				EAF561CD0468149700100017,
				EAF561D00468154800100017,
				EA89B46304729ED900100017,
				EAAD713604D5269D00206191,
				EAAD713804D5272300206191,
			);
			isa = PBXVariantGroup;
			name = InfoPlist.strings;
			path = "";
			refType = 4;
			sourceTree = "<group>";
		};
		EAB63E9A0456F96400100134 = {
			fileEncoding = 4;
			isa = PBXFileReference;
			lastKnownFileType = text.plist.strings;
			name = Czech;
			path = Resources/Localizations/Czech.lproj/InfoPlist.strings;
			refType = 4;
			sourceTree = "<group>";
		};
		EAB63E9B0456F96400100134 = {
			fileEncoding = 4;
			isa = PBXFileReference;
			lastKnownFileType = text.plist.strings;
			name = English;
			path = Resources/Localizations/English.lproj/InfoPlist.strings;
			refType = 4;
			sourceTree = "<group>";
		};
		EAB63E9C0456F96400100134 = {
			fileEncoding = 4;
			isa = PBXFileReference;
			lastKnownFileType = text.plist.strings;
			name = zh_TW;
			path = Resources/Localizations/zh_TW.lproj/InfoPlist.strings;
			refType = 4;
			sourceTree = "<group>";
		};
		EAB63E9D0456F96400100134 = {
			fileEncoding = 4;
			isa = PBXFileReference;
			lastKnownFileType = text.plist.strings;
			name = zh_TW;
			path = Resources/Localizations/zh_TW.lproj/Localizable.strings;
			refType = 4;
			sourceTree = "<group>";
		};
		EAB63E9E0456F96400100134 = {
			fileEncoding = 4;
			isa = PBXFileReference;
			lastKnownFileType = text.plist.strings;
			name = Korean;
			path = Resources/Localizations/Korean.lproj/InfoPlist.strings;
			refType = 4;
			sourceTree = "<group>";
		};
		EAB63E9F0456F96400100134 = {
			fileEncoding = 4;
			isa = PBXFileReference;
			lastKnownFileType = text.plist.strings;
			name = Korean;
			path = Resources/Localizations/Korean.lproj/Localizable.strings;
			refType = 4;
			sourceTree = "<group>";
		};
		EAB63EA00456F96400100134 = {
			fileEncoding = 4;
			isa = PBXFileReference;
			lastKnownFileType = text.plist.strings;
			name = Japanese;
			path = Resources/Localizations/Japanese.lproj/InfoPlist.strings;
			refType = 4;
			sourceTree = "<group>";
		};
		EAB63EA10456F96400100134 = {
			fileEncoding = 4;
			isa = PBXFileReference;
			lastKnownFileType = text.plist.strings;
			name = Japanese;
			path = Resources/Localizations/Japanese.lproj/Localizable.strings;
			refType = 4;
			sourceTree = "<group>";
		};
		EAB63EA20456F96400100134 = {
			fileEncoding = 4;
			isa = PBXFileReference;
			lastKnownFileType = text.plist.strings;
			name = German;
			path = Resources/Localizations/German.lproj/InfoPlist.strings;
			refType = 4;
			sourceTree = "<group>";
		};
		EAB63EA30456F96400100134 = {
			fileEncoding = 4;
			isa = PBXFileReference;
			lastKnownFileType = text.plist.strings;
			name = German;
			path = Resources/Localizations/German.lproj/Localizable.strings;
			refType = 4;
			sourceTree = "<group>";
		};
		EAB63EA40456F96400100134 = {
			fileEncoding = 4;
			isa = PBXFileReference;
			lastKnownFileType = text.plist.strings;
			name = French;
			path = Resources/Localizations/French.lproj/Localizable.strings;
			refType = 4;
			sourceTree = "<group>";
		};
		EAB63EA50456F96400100134 = {
			explicitFileType = text.plist.strings;
			fileEncoding = 4;
			isa = PBXFileReference;
			name = French;
			path = Resources/Localizations/French.lproj/InfoPlist.strings;
			refType = 4;
			sourceTree = "<group>";
		};
		EAD0D2D00438CE2300100134 = {
			isa = PBXFileReference;
			lastKnownFileType = image.png;
			name = volume0.png;
			path = Resources/Graphics/volume0.png;
			refType = 4;
			sourceTree = "<group>";
		};
		EAD0D2D10438CE2300100134 = {
			isa = PBXFileReference;
			lastKnownFileType = image.png;
			name = volume3.png;
			path = Resources/Graphics/volume3.png;
			refType = 4;
			sourceTree = "<group>";
		};
		EAD0D2D20438CE2300100134 = {
			fileRef = EAD0D2D00438CE2300100134;
			isa = PBXBuildFile;
			settings = {
			};
		};
		EAD0D2D30438CE2300100134 = {
			fileRef = EAD0D2D10438CE2300100134;
			isa = PBXBuildFile;
			settings = {
			};
		};
		EAEB91B30439D18D00100134 = {
			isa = PBXFileReference;
			lastKnownFileType = image.icns;
			name = audio.icns;
			path = Resources/Graphics/audio.icns;
			refType = 4;
			sourceTree = "<group>";
		};
		EAEB91B40439D18D00100134 = {
			isa = PBXFileReference;
			lastKnownFileType = image.icns;
			name = movie.icns;
			path = Resources/Graphics/movie.icns;
			refType = 4;
			sourceTree = "<group>";
		};
		EAEB91B50439D18D00100134 = {
			isa = PBXFileReference;
			lastKnownFileType = image.icns;
			name = subtitles.icns;
			path = Resources/Graphics/subtitles.icns;
			refType = 4;
			sourceTree = "<group>";
		};
		EAEB91B60439D18D00100134 = {
			fileRef = EAEB91B30439D18D00100134;
			isa = PBXBuildFile;
			settings = {
			};
		};
		EAEB91B70439D18D00100134 = {
			fileRef = EAEB91B40439D18D00100134;
			isa = PBXBuildFile;
			settings = {
			};
		};
		EAEB91B80439D18D00100134 = {
			fileRef = EAEB91B50439D18D00100134;
			isa = PBXBuildFile;
			settings = {
			};
		};
		EAF561CD0468149700100017 = {
			fileEncoding = 4;
			isa = PBXFileReference;
			lastKnownFileType = text.plist.strings;
			name = hu;
			path = Resources/Localizations/hu.lproj/InfoPlist.strings;
			refType = 4;
			sourceTree = "<group>";
		};
		EAF561CE0468149700100017 = {
			fileEncoding = 4;
			isa = PBXFileReference;
			lastKnownFileType = text.plist.strings;
			name = hu;
			path = Resources/Localizations/hu.lproj/Localizable.strings;
			refType = 4;
			sourceTree = "<group>";
		};
		EAF561D00468154800100017 = {
			fileEncoding = 4;
			isa = PBXFileReference;
			lastKnownFileType = text.plist.strings;
			name = Icelandic;
			path = Resources/Localizations/Icelandic.lproj/InfoPlist.strings;
			refType = 4;
			sourceTree = "<group>";
		};
		EAF563FD0468303300100017 = {
			fileEncoding = 4;
			isa = PBXFileReference;
			lastKnownFileType = text.plist.strings;
			name = Icelandic;
			path = Resources/Localizations/Icelandic.lproj/Localizable.strings;
			refType = 4;
			sourceTree = "<group>";
		};
//EA0
//EA1
//EA2
//EA3
//EA4
//F50
//F51
//F52
//F53
//F54
		F50C936402762A9C01CB152B = {
			buildActionMask = 2147483647;
			dstPath = "";
			dstSubfolderSpec = 10;
			files = (
			);
			isa = PBXCopyFilesBuildPhase;
			runOnlyForDeploymentPostprocessing = 0;
		};
	};
	rootObject = 29B97313FDCFA39411CA2CEA;
}
