// !$*UTF8*$!
{
	archiveVersion = 1;
	classes = {
	};
	objectVersion = 42;
	objects = {

/* Begin PBXAggregateTarget section */
		3A42DBC40EF5866600E9B2CE /* Distribution */ = {
			isa = PBXAggregateTarget;
			buildConfigurationList = 3A42DBC90EF5866C00E9B2CE /* Build configuration list for PBXAggregateTarget "Distribution" */;
			buildPhases = (
				3A42DBC30EF5866600E9B2CE /* ShellScript */,
			);
			dependencies = (
				3A42DBCB0EF5867400E9B2CE /* PBXTargetDependency */,
			);
			name = Distribution;
			productName = Distribution;
		};
/* End PBXAggregateTarget section */

/* Begin PBXBuildFile section */
		372E8226086A431900FC39B4 /* PlayListController.m in Sources */ = {isa = PBXBuildFile; fileRef = 372E8225086A431900FC39B4 /* PlayListController.m */; };
		3747F27D087EF9EC00980B71 /* Foundation.framework in Frameworks */ = {isa = PBXBuildFile; fileRef = 3747F27C087EF9EC00980B71 /* Foundation.framework */; };
		3747F280087EFA0700980B71 /* AppKit.framework in Frameworks */ = {isa = PBXBuildFile; fileRef = 3747F27F087EFA0700980B71 /* AppKit.framework */; };
		3747F282087EFA4200980B71 /* Carbon.framework in Frameworks */ = {isa = PBXBuildFile; fileRef = 3747F281087EFA4200980B71 /* Carbon.framework */; };
		3747F284087EFA5D00980B71 /* OpenGL.framework in Frameworks */ = {isa = PBXBuildFile; fileRef = 3747F283087EFA5D00980B71 /* OpenGL.framework */; };
		3747F286087EFA6A00980B71 /* QuartzCore.framework in Frameworks */ = {isa = PBXBuildFile; fileRef = 3747F285087EFA6A00980B71 /* QuartzCore.framework */; };
		377E032F085E3ED500D64A26 /* audio.icns in Resources */ = {isa = PBXBuildFile; fileRef = 377E0311085E3ED500D64A26 /* audio.icns */; };
		377E0330085E3ED500D64A26 /* icon.icns in Resources */ = {isa = PBXBuildFile; fileRef = 377E0312085E3ED500D64A26 /* icon.icns */; };
		377E0331085E3ED500D64A26 /* info.png in Resources */ = {isa = PBXBuildFile; fileRef = 377E0313085E3ED500D64A26 /* info.png */; };
		377E0332085E3ED500D64A26 /* movie.icns in Resources */ = {isa = PBXBuildFile; fileRef = 377E0314085E3ED500D64A26 /* movie.icns */; };
		377E0336085E3ED500D64A26 /* play_mode_0.png in Resources */ = {isa = PBXBuildFile; fileRef = 377E0318085E3ED500D64A26 /* play_mode_0.png */; };
		377E0337085E3ED500D64A26 /* play_mode_1.png in Resources */ = {isa = PBXBuildFile; fileRef = 377E0319085E3ED500D64A26 /* play_mode_1.png */; };
		377E0338085E3ED500D64A26 /* play_mode_2.png in Resources */ = {isa = PBXBuildFile; fileRef = 377E031A085E3ED500D64A26 /* play_mode_2.png */; };
		377E033A085E3ED500D64A26 /* playing_dvd.png in Resources */ = {isa = PBXBuildFile; fileRef = 377E031C085E3ED500D64A26 /* playing_dvd.png */; };
		377E033B085E3ED500D64A26 /* playing_state.png in Resources */ = {isa = PBXBuildFile; fileRef = 377E031D085E3ED500D64A26 /* playing_state.png */; };
		377E033C085E3ED500D64A26 /* playing_stream.png in Resources */ = {isa = PBXBuildFile; fileRef = 377E031E085E3ED500D64A26 /* playing_stream.png */; };
		377E033D085E3ED500D64A26 /* scrub_bar_badge.tif in Resources */ = {isa = PBXBuildFile; fileRef = 377E031F085E3ED500D64A26 /* scrub_bar_badge.tif */; };
		377E033E085E3ED500D64A26 /* scrub_bar_ends.tif in Resources */ = {isa = PBXBuildFile; fileRef = 377E0320085E3ED500D64A26 /* scrub_bar_ends.tif */; };
		377E033F085E3ED500D64A26 /* scrub_bar_run.tif in Resources */ = {isa = PBXBuildFile; fileRef = 377E0321085E3ED500D64A26 /* scrub_bar_run.tif */; };
		377E0344085E3ED500D64A26 /* settings.png in Resources */ = {isa = PBXBuildFile; fileRef = 377E0326085E3ED500D64A26 /* settings.png */; };
		377E0347085E3ED500D64A26 /* subtitles.icns in Resources */ = {isa = PBXBuildFile; fileRef = 377E0329085E3ED500D64A26 /* subtitles.icns */; };
		377E0348085E3ED500D64A26 /* volume0.png in Resources */ = {isa = PBXBuildFile; fileRef = 377E032A085E3ED500D64A26 /* volume0.png */; };
		377E034A085E3ED500D64A26 /* volume2.png in Resources */ = {isa = PBXBuildFile; fileRef = 377E032C085E3ED500D64A26 /* volume2.png */; };
		377E034B085E3ED500D64A26 /* volume3.png in Resources */ = {isa = PBXBuildFile; fileRef = 377E032D085E3ED500D64A26 /* volume3.png */; };
		377E036F085E480E00D64A26 /* MplayerInterface.m in Sources */ = {isa = PBXBuildFile; fileRef = 377E036A085E480E00D64A26 /* MplayerInterface.m */; };
		377E0371085E480E00D64A26 /* ScrubbingBar.m in Sources */ = {isa = PBXBuildFile; fileRef = 377E036E085E480E00D64A26 /* ScrubbingBar.m */; };
		377E037D085E482B00D64A26 /* AppController.m in Sources */ = {isa = PBXBuildFile; fileRef = 377E0374085E482B00D64A26 /* AppController.m */; };
		377E037E085E482B00D64A26 /* PlayerController.m in Sources */ = {isa = PBXBuildFile; fileRef = 377E0376085E482B00D64A26 /* PlayerController.m */; };
		377E0380085E482B00D64A26 /* PreferencesController.m in Sources */ = {isa = PBXBuildFile; fileRef = 377E037A085E482B00D64A26 /* PreferencesController.m */; };
		377E0381085E482B00D64A26 /* SettingsController.m in Sources */ = {isa = PBXBuildFile; fileRef = 377E037C085E482B00D64A26 /* SettingsController.m */; };
		378749400891B7A60068D97D /* fonts in Resources */ = {isa = PBXBuildFile; fileRef = 378749150891B7A60068D97D /* fonts */; };
		379740A10875CA980049E91B /* VideoOpenGLView.m in Sources */ = {isa = PBXBuildFile; fileRef = 379740A00875CA980049E91B /* VideoOpenGLView.m */; };
		37B934DC088FDF9200C81536 /* PlaylistTableView.m in Sources */ = {isa = PBXBuildFile; fileRef = 37B934DB088FDF9200C81536 /* PlaylistTableView.m */; };
		37C093ED088429AE00D06F8B /* PlayerWindow.m in Sources */ = {isa = PBXBuildFile; fileRef = 37C093EB088429AE00D06F8B /* PlayerWindow.m */; };
		37DCF87B0888624D00DBF422 /* play_button_off.png in Resources */ = {isa = PBXBuildFile; fileRef = 37DCF8790888624D00DBF422 /* play_button_off.png */; };
		37DCF87C0888624D00DBF422 /* play_button_on.png in Resources */ = {isa = PBXBuildFile; fileRef = 37DCF87A0888624D00DBF422 /* play_button_on.png */; };
		37DCF88A088868B300DBF422 /* gotob_button_off.png in Resources */ = {isa = PBXBuildFile; fileRef = 37DCF880088868B300DBF422 /* gotob_button_off.png */; };
		37DCF88B088868B300DBF422 /* gotob_button_on.png in Resources */ = {isa = PBXBuildFile; fileRef = 37DCF881088868B300DBF422 /* gotob_button_on.png */; };
		37DCF88C088868B300DBF422 /* gotoe_button_off.png in Resources */ = {isa = PBXBuildFile; fileRef = 37DCF882088868B300DBF422 /* gotoe_button_off.png */; };
		37DCF88D088868B300DBF422 /* gotoe_button_on.png in Resources */ = {isa = PBXBuildFile; fileRef = 37DCF883088868B300DBF422 /* gotoe_button_on.png */; };
		37DCF88E088868B300DBF422 /* pause_button_off.png in Resources */ = {isa = PBXBuildFile; fileRef = 37DCF884088868B300DBF422 /* pause_button_off.png */; };
		37DCF88F088868B300DBF422 /* pause_button_on.png in Resources */ = {isa = PBXBuildFile; fileRef = 37DCF885088868B300DBF422 /* pause_button_on.png */; };
		37DCF890088868B300DBF422 /* rwd_button_off.png in Resources */ = {isa = PBXBuildFile; fileRef = 37DCF886088868B300DBF422 /* rwd_button_off.png */; };
		37DCF891088868B300DBF422 /* rwd_button_on.png in Resources */ = {isa = PBXBuildFile; fileRef = 37DCF887088868B300DBF422 /* rwd_button_on.png */; };
		37DCF892088868B400DBF422 /* stop_button_off.png in Resources */ = {isa = PBXBuildFile; fileRef = 37DCF888088868B300DBF422 /* stop_button_off.png */; };
		37DCF893088868B400DBF422 /* stop_button_on.png in Resources */ = {isa = PBXBuildFile; fileRef = 37DCF889088868B300DBF422 /* stop_button_on.png */; };
		37DCF89808886A2800DBF422 /* ffwd_button_off.png in Resources */ = {isa = PBXBuildFile; fileRef = 37DCF89608886A2800DBF422 /* ffwd_button_off.png */; };
		37DCF89908886A2800DBF422 /* ffwd_button_on.png in Resources */ = {isa = PBXBuildFile; fileRef = 37DCF89708886A2800DBF422 /* ffwd_button_on.png */; };
		37EA49C40861CCAB0026216A /* volume1.png in Resources */ = {isa = PBXBuildFile; fileRef = 37EA49C30861CCAB0026216A /* volume1.png */; };
		37EA49FF0861CD840026216A /* MPlayer OSX Help in Resources */ = {isa = PBXBuildFile; fileRef = 37EA49EE0861CD840026216A /* MPlayer OSX Help */; };
		37EA4A310861D0980026216A /* MainMenu.nib in Resources */ = {isa = PBXBuildFile; fileRef = 37EA4A2F0861D0980026216A /* MainMenu.nib */; };
		37EA4AB6086218D50026216A /* volumeKnobOff.png in Resources */ = {isa = PBXBuildFile; fileRef = 37EA4AB5086218D50026216A /* volumeKnobOff.png */; };
		37EA4ABE086220530026216A /* volumeKnobOn.png in Resources */ = {isa = PBXBuildFile; fileRef = 37EA4ABD086220520026216A /* volumeKnobOn.png */; };
		37EA4B6C086256590026216A /* VolumeSlider.m in Sources */ = {isa = PBXBuildFile; fileRef = 37EA4AA4086214030026216A /* VolumeSlider.m */; };
		37EA4BC2086271480026216A /* scrub_bar_anim.png in Resources */ = {isa = PBXBuildFile; fileRef = 37EA4BC1086271480026216A /* scrub_bar_anim.png */; };
		3A0943290E44F8E300E6753F /* MovieInfo.m in Sources */ = {isa = PBXBuildFile; fileRef = 3A0943280E44F8E300E6753F /* MovieInfo.m */; };
		3A09436C0E45043000E6753F /* LanguageCodes.m in Sources */ = {isa = PBXBuildFile; fileRef = 3A09436B0E45043000E6753F /* LanguageCodes.m */; };
		3A0A3E550F670C89008C8507 /* External_Binaries in Resources */ = {isa = PBXBuildFile; fileRef = 3A0A3E510F670C89008C8507 /* External_Binaries */; };
		3A36660F0FE6E6A500CF05DC /* AppleRemote.m in Sources */ = {isa = PBXBuildFile; fileRef = 3A36660D0FE6E6A500CF05DC /* AppleRemote.m */; };
		3A38D3C50E50E45A00C1E468 /* Debug.m in Sources */ = {isa = PBXBuildFile; fileRef = 3A38D3C40E50E45A00C1E468 /* Debug.m */; };
		3A5879C80EED42BD003408E8 /* Sparkle.framework in Frameworks */ = {isa = PBXBuildFile; fileRef = 3A5879C70EED42BD003408E8 /* Sparkle.framework */; };
		3A5879D30EED42CB003408E8 /* Sparkle.framework in Copy Files */ = {isa = PBXBuildFile; fileRef = 3A5879C70EED42BD003408E8 /* Sparkle.framework */; };
		3A5879E00EED4507003408E8 /* dsa_pub.pem in Resources */ = {isa = PBXBuildFile; fileRef = 3A5879DF0EED4507003408E8 /* dsa_pub.pem */; };
		3A638951108B953F00E90936 /* PFMoveApplication.m in Sources */ = {isa = PBXBuildFile; fileRef = 3A638950108B953F00E90936 /* PFMoveApplication.m */; };
		3A638955108B95B000E90936 /* MoveApplication.strings in Resources */ = {isa = PBXBuildFile; fileRef = 3A638953108B95B000E90936 /* MoveApplication.strings */; };
		3A638959108B95D300E90936 /* Security.framework in Frameworks */ = {isa = PBXBuildFile; fileRef = 3A638958108B95D300E90936 /* Security.framework */; };
		3A861D961084C97800ADE9B9 /* binaries.icns in Resources */ = {isa = PBXBuildFile; fileRef = 3A861D951084C97800ADE9B9 /* binaries.icns */; };
		3A861DD51085112C00ADE9B9 /* JobLarge.png in Resources */ = {isa = PBXBuildFile; fileRef = 3A861DD21085112C00ADE9B9 /* JobLarge.png */; };
		3A861DD61085112C00ADE9B9 /* pref-audio.tiff in Resources */ = {isa = PBXBuildFile; fileRef = 3A861DD31085112C00ADE9B9 /* pref-audio.tiff */; };
		3A861DD71085112C00ADE9B9 /* pref-picture.tiff in Resources */ = {isa = PBXBuildFile; fileRef = 3A861DD41085112C00ADE9B9 /* pref-picture.tiff */; };
		3A861DE61085153E00ADE9B9 /* applications-accessories.png in Resources */ = {isa = PBXBuildFile; fileRef = 3A861DD81085153E00ADE9B9 /* applications-accessories.png */; };
		3A861DE71085153E00ADE9B9 /* applications-multimedia.png in Resources */ = {isa = PBXBuildFile; fileRef = 3A861DD91085153E00ADE9B9 /* applications-multimedia.png */; };
		3A861DE81085153E00ADE9B9 /* applications-system.png in Resources */ = {isa = PBXBuildFile; fileRef = 3A861DDA1085153E00ADE9B9 /* applications-system.png */; };
		3A861DE91085153E00ADE9B9 /* audio-input-microphone.png in Resources */ = {isa = PBXBuildFile; fileRef = 3A861DDB1085153E00ADE9B9 /* audio-input-microphone.png */; };
		3A861DEA1085153E00ADE9B9 /* audio-volume-high.png in Resources */ = {isa = PBXBuildFile; fileRef = 3A861DDC1085153E00ADE9B9 /* audio-volume-high.png */; };
		3A861DEB1085153E00ADE9B9 /* camera-video.png in Resources */ = {isa = PBXBuildFile; fileRef = 3A861DDD1085153E00ADE9B9 /* camera-video.png */; };
		3A861DEC1085153E00ADE9B9 /* emblem-system.png in Resources */ = {isa = PBXBuildFile; fileRef = 3A861DDE1085153E00ADE9B9 /* emblem-system.png */; };
		3A861DED1085153E00ADE9B9 /* font-x-generic.png in Resources */ = {isa = PBXBuildFile; fileRef = 3A861DDF1085153E00ADE9B9 /* font-x-generic.png */; };
		3A861DEE1085153E00ADE9B9 /* media-playback-start.png in Resources */ = {isa = PBXBuildFile; fileRef = 3A861DE01085153E00ADE9B9 /* media-playback-start.png */; };
		3A861DEF1085153E00ADE9B9 /* preferences-desktop.png in Resources */ = {isa = PBXBuildFile; fileRef = 3A861DE11085153E00ADE9B9 /* preferences-desktop.png */; };
		3A861DF01085153E00ADE9B9 /* preferences-system.png in Resources */ = {isa = PBXBuildFile; fileRef = 3A861DE21085153E00ADE9B9 /* preferences-system.png */; };
		3A861DF11085153E00ADE9B9 /* system-file-manager.png in Resources */ = {isa = PBXBuildFile; fileRef = 3A861DE31085153E00ADE9B9 /* system-file-manager.png */; };
		3A861DF21085153E00ADE9B9 /* video-display.png in Resources */ = {isa = PBXBuildFile; fileRef = 3A861DE41085153E00ADE9B9 /* video-display.png */; };
		3A861DF31085153E00ADE9B9 /* video-x-generic.png in Resources */ = {isa = PBXBuildFile; fileRef = 3A861DE51085153E00ADE9B9 /* video-x-generic.png */; };
		3AB2120C0EABE74900ACA509 /* PlayerFullscreenWindow.m in Sources */ = {isa = PBXBuildFile; fileRef = 3AB2120B0EABE74900ACA509 /* PlayerFullscreenWindow.m */; };
		3ABF85420EBFA084001FE779 /* FullscreenControls.m in Sources */ = {isa = PBXBuildFile; fileRef = 3ABF85410EBFA084001FE779 /* FullscreenControls.m */; };
		3ABF86580EBFAD06001FE779 /* FullscreenControlsView.m in Sources */ = {isa = PBXBuildFile; fileRef = 3ABF86570EBFAD06001FE779 /* FullscreenControlsView.m */; };
		3ABF86A80EBFAF4C001FE779 /* fc_background.png in Resources */ = {isa = PBXBuildFile; fileRef = 3ABF86A70EBFAF4C001FE779 /* fc_background.png */; };
		3ADA6F840FED749300F7AFB9 /* IOKit.framework in Frameworks */ = {isa = PBXBuildFile; fileRef = 3ADA6F830FED749300F7AFB9 /* IOKit.framework */; };
		3ADA70970FED843800F7AFB9 /* libexpat.1.dylib in Frameworks */ = {isa = PBXBuildFile; fileRef = 3ADA70930FED843800F7AFB9 /* libexpat.1.dylib */; };
		3ADA70980FED843800F7AFB9 /* libfontconfig.1.dylib in Frameworks */ = {isa = PBXBuildFile; fileRef = 3ADA70940FED843800F7AFB9 /* libfontconfig.1.dylib */; };
		3ADA70990FED843800F7AFB9 /* libfreetype.6.dylib in Frameworks */ = {isa = PBXBuildFile; fileRef = 3ADA70950FED843800F7AFB9 /* libfreetype.6.dylib */; };
		3ADA709A0FED843800F7AFB9 /* libiconv.2.dylib in Frameworks */ = {isa = PBXBuildFile; fileRef = 3ADA70960FED843800F7AFB9 /* libiconv.2.dylib */; };
		3AE612370EC08130009F2F12 /* fc_scrub_bg.png in Resources */ = {isa = PBXBuildFile; fileRef = 3AE612290EC08130009F2F12 /* fc_scrub_bg.png */; };
		3AE612380EC08130009F2F12 /* fc_srub_bar.png in Resources */ = {isa = PBXBuildFile; fileRef = 3AE6122A0EC08130009F2F12 /* fc_srub_bar.png */; };
		3AE612390EC08130009F2F12 /* fc_fast_rewind.png in Resources */ = {isa = PBXBuildFile; fileRef = 3AE6122B0EC08130009F2F12 /* fc_fast_rewind.png */; };
		3AE6123A0EC08130009F2F12 /* fc_play.png in Resources */ = {isa = PBXBuildFile; fileRef = 3AE6122C0EC08130009F2F12 /* fc_play.png */; };
		3AE6123B0EC08130009F2F12 /* fc_skip_right.png in Resources */ = {isa = PBXBuildFile; fileRef = 3AE6122D0EC08130009F2F12 /* fc_skip_right.png */; };
		3AE6123C0EC08130009F2F12 /* fc_fast_forward.png in Resources */ = {isa = PBXBuildFile; fileRef = 3AE6122E0EC08130009F2F12 /* fc_fast_forward.png */; };
		3AE6123D0EC08130009F2F12 /* fc_fullscreen.png in Resources */ = {isa = PBXBuildFile; fileRef = 3AE6122F0EC08130009F2F12 /* fc_fullscreen.png */; };
		3AE6123E0EC08130009F2F12 /* fc_aslider_bar.png in Resources */ = {isa = PBXBuildFile; fileRef = 3AE612300EC08130009F2F12 /* fc_aslider_bar.png */; };
		3AE6123F0EC08130009F2F12 /* fc_aslider_knob.png in Resources */ = {isa = PBXBuildFile; fileRef = 3AE612310EC08130009F2F12 /* fc_aslider_knob.png */; };
		3AE612400EC08130009F2F12 /* fc_audio.png in Resources */ = {isa = PBXBuildFile; fileRef = 3AE612320EC08130009F2F12 /* fc_audio.png */; };
		3AE612420EC08130009F2F12 /* fc_aslider_icon.png in Resources */ = {isa = PBXBuildFile; fileRef = 3AE612340EC08130009F2F12 /* fc_aslider_icon.png */; };
		3AE612430EC08130009F2F12 /* fc_subtitles.png in Resources */ = {isa = PBXBuildFile; fileRef = 3AE612350EC08130009F2F12 /* fc_subtitles.png */; };
		3AE612440EC08130009F2F12 /* fc_skip_left.png in Resources */ = {isa = PBXBuildFile; fileRef = 3AE612360EC08130009F2F12 /* fc_skip_left.png */; };
		3AE6124E0EC08677009F2F12 /* fc_play_on.png in Resources */ = {isa = PBXBuildFile; fileRef = 3AE6124D0EC08677009F2F12 /* fc_play_on.png */; };
		3AE6125A0EC088E7009F2F12 /* fc_aslider_icon_on.png in Resources */ = {isa = PBXBuildFile; fileRef = 3AE612510EC088E7009F2F12 /* fc_aslider_icon_on.png */; };
		3AE6125B0EC088E7009F2F12 /* fc_skip_left_on.png in Resources */ = {isa = PBXBuildFile; fileRef = 3AE612520EC088E7009F2F12 /* fc_skip_left_on.png */; };
		3AE6125C0EC088E7009F2F12 /* fc_subtitles_on.png in Resources */ = {isa = PBXBuildFile; fileRef = 3AE612530EC088E7009F2F12 /* fc_subtitles_on.png */; };
		3AE6125D0EC088E7009F2F12 /* fc_fullscreen_on.png in Resources */ = {isa = PBXBuildFile; fileRef = 3AE612540EC088E7009F2F12 /* fc_fullscreen_on.png */; };
		3AE6125E0EC088E7009F2F12 /* fc_fast_forward_on.png in Resources */ = {isa = PBXBuildFile; fileRef = 3AE612550EC088E7009F2F12 /* fc_fast_forward_on.png */; };
		3AE6125F0EC088E7009F2F12 /* fc_fast_rewind_on.png in Resources */ = {isa = PBXBuildFile; fileRef = 3AE612560EC088E7009F2F12 /* fc_fast_rewind_on.png */; };
		3AE612600EC088E7009F2F12 /* fc_skip_right_on.png in Resources */ = {isa = PBXBuildFile; fileRef = 3AE612570EC088E7009F2F12 /* fc_skip_right_on.png */; };
		3AE612610EC088E7009F2F12 /* fc_aslider_knob_on.png in Resources */ = {isa = PBXBuildFile; fileRef = 3AE612580EC088E7009F2F12 /* fc_aslider_knob_on.png */; };
		3AE612620EC088E7009F2F12 /* fc_audio_on.png in Resources */ = {isa = PBXBuildFile; fileRef = 3AE612590EC088E7009F2F12 /* fc_audio_on.png */; };
		3AE612660EC08C2D009F2F12 /* FullscreenControlsVolumeSlider.m in Sources */ = {isa = PBXBuildFile; fileRef = 3AE612650EC08C2D009F2F12 /* FullscreenControlsVolumeSlider.m */; };
		3AF152260F97B3F700409534 /* RegexKitLite.m in Sources */ = {isa = PBXBuildFile; fileRef = 3AF152240F97B3F700409534 /* RegexKitLite.m */; };
		3AF152A40F97C21500409534 /* iso-639.plist in Resources */ = {isa = PBXBuildFile; fileRef = 3AF152A30F97C21500409534 /* iso-639.plist */; };
		3AFE25310EC0FA29009FFEC5 /* FullscreenControlsScrubbingBar.m in Sources */ = {isa = PBXBuildFile; fileRef = 3AFE25300EC0FA29009FFEC5 /* FullscreenControlsScrubbingBar.m */; };
		3AFE25360EC0FEBB009FFEC5 /* fc_scrub_anim.png in Resources */ = {isa = PBXBuildFile; fileRef = 3AFE25330EC0FEBB009FFEC5 /* fc_scrub_anim.png */; };
		3AFE25370EC0FEBB009FFEC5 /* fc_scrub_run.png in Resources */ = {isa = PBXBuildFile; fileRef = 3AFE25340EC0FEBB009FFEC5 /* fc_scrub_run.png */; };
		3AFE25380EC0FEBB009FFEC5 /* fc_scrub_ends.png in Resources */ = {isa = PBXBuildFile; fileRef = 3AFE25350EC0FEBB009FFEC5 /* fc_scrub_ends.png */; };
		3AFE25AD0EC110BF009FFEC5 /* fc_pause.png in Resources */ = {isa = PBXBuildFile; fileRef = 3AFE25AC0EC110BF009FFEC5 /* fc_pause.png */; };
		3AFE25AF0EC11114009FFEC5 /* fc_pause_on.png in Resources */ = {isa = PBXBuildFile; fileRef = 3AFE25AE0EC11114009FFEC5 /* fc_pause_on.png */; };
		3AFE25BE0EC11307009FFEC5 /* fc_scrub_badge.png in Resources */ = {isa = PBXBuildFile; fileRef = 3AFE25BD0EC11307009FFEC5 /* fc_scrub_badge.png */; };
		8D11072D0486CEB800E47090 /* main.m in Sources */ = {isa = PBXBuildFile; fileRef = 29B97316FDCFA39411CA2CEA /* main.m */; settings = {ATTRIBUTES = (); }; };
		8D11072F0486CEB800E47090 /* Cocoa.framework in Frameworks */ = {isa = PBXBuildFile; fileRef = 1058C7A1FEA54F0111CA2CBB /* Cocoa.framework */; };
/* End PBXBuildFile section */

/* Begin PBXContainerItemProxy section */
		3A42DBCA0EF5867400E9B2CE /* PBXContainerItemProxy */ = {
			isa = PBXContainerItemProxy;
			containerPortal = 29B97313FDCFA39411CA2CEA /* Project object */;
			proxyType = 1;
			remoteGlobalIDString = 8D1107260486CEB800E47090;
			remoteInfo = "MPlayer OSX Extended";
		};
/* End PBXContainerItemProxy section */

/* Begin PBXCopyFilesBuildPhase section */
		3AFA91540E5858EF00B3998D /* Copy Files */ = {
			isa = PBXCopyFilesBuildPhase;
			buildActionMask = 2147483647;
			dstPath = "";
			dstSubfolderSpec = 10;
			files = (
				3A5879D30EED42CB003408E8 /* Sparkle.framework in Copy Files */,
			);
			name = "Copy Files";
			runOnlyForDeploymentPostprocessing = 0;
		};
/* End PBXCopyFilesBuildPhase section */

/* Begin PBXFileReference section */
		1058C7A1FEA54F0111CA2CBB /* Cocoa.framework */ = {isa = PBXFileReference; lastKnownFileType = wrapper.framework; name = Cocoa.framework; path = /System/Library/Frameworks/Cocoa.framework; sourceTree = "<absolute>"; };
		29B97316FDCFA39411CA2CEA /* main.m */ = {isa = PBXFileReference; fileEncoding = 4; lastKnownFileType = sourcecode.c.objc; name = main.m; path = Sources/main.m; sourceTree = "<group>"; };
		32CA4F630368D1EE00C91783 /* MPlayer OSX_Prefix.pch */ = {isa = PBXFileReference; fileEncoding = 4; lastKnownFileType = sourcecode.c.h; name = "MPlayer OSX_Prefix.pch"; path = "Sources/MPlayer OSX_Prefix.pch"; sourceTree = "<group>"; };
		371878190B230ABD0096E1ED /* QuickTime.framework */ = {isa = PBXFileReference; lastKnownFileType = wrapper.framework; name = QuickTime.framework; path = /System/Library/Frameworks/QuickTime.framework; sourceTree = "<absolute>"; };
		372E8224086A431900FC39B4 /* PlayListController.h */ = {isa = PBXFileReference; fileEncoding = 30; lastKnownFileType = sourcecode.c.h; name = PlayListController.h; path = Sources/Controllers/PlayListController.h; sourceTree = "<group>"; };
		372E8225086A431900FC39B4 /* PlayListController.m */ = {isa = PBXFileReference; fileEncoding = 30; lastKnownFileType = sourcecode.c.objc; name = PlayListController.m; path = Sources/Controllers/PlayListController.m; sourceTree = "<group>"; };
		372E8238086A43CD00FC39B4 /* PlayerController.h */ = {isa = PBXFileReference; fileEncoding = 30; lastKnownFileType = sourcecode.c.h; name = PlayerController.h; path = Sources/Controllers/PlayerController.h; sourceTree = "<group>"; };
		3747F27C087EF9EC00980B71 /* Foundation.framework */ = {isa = PBXFileReference; lastKnownFileType = wrapper.framework; name = Foundation.framework; path = /System/Library/Frameworks/Foundation.framework; sourceTree = "<absolute>"; };
		3747F27F087EFA0700980B71 /* AppKit.framework */ = {isa = PBXFileReference; lastKnownFileType = wrapper.framework; name = AppKit.framework; path = /System/Library/Frameworks/AppKit.framework; sourceTree = "<absolute>"; };
		3747F281087EFA4200980B71 /* Carbon.framework */ = {isa = PBXFileReference; lastKnownFileType = wrapper.framework; name = Carbon.framework; path = /System/Library/Frameworks/Carbon.framework; sourceTree = "<absolute>"; };
		3747F283087EFA5D00980B71 /* OpenGL.framework */ = {isa = PBXFileReference; lastKnownFileType = wrapper.framework; name = OpenGL.framework; path = /System/Library/Frameworks/OpenGL.framework; sourceTree = "<absolute>"; };
		3747F285087EFA6A00980B71 /* QuartzCore.framework */ = {isa = PBXFileReference; lastKnownFileType = wrapper.framework; name = QuartzCore.framework; path = /System/Library/Frameworks/QuartzCore.framework; sourceTree = "<absolute>"; };
		377E0311085E3ED500D64A26 /* audio.icns */ = {isa = PBXFileReference; explicitFileType = image.icns; name = audio.icns; path = Resources/Graphics/audio.icns; sourceTree = "<group>"; };
		377E0312085E3ED500D64A26 /* icon.icns */ = {isa = PBXFileReference; lastKnownFileType = image.icns; name = icon.icns; path = Resources/Graphics/icon.icns; sourceTree = "<group>"; };
		377E0313085E3ED500D64A26 /* info.png */ = {isa = PBXFileReference; lastKnownFileType = image.png; name = info.png; path = Resources/Graphics/info.png; sourceTree = "<group>"; };
		377E0314085E3ED500D64A26 /* movie.icns */ = {isa = PBXFileReference; lastKnownFileType = image.icns; name = movie.icns; path = Resources/Graphics/movie.icns; sourceTree = "<group>"; };
		377E0318085E3ED500D64A26 /* play_mode_0.png */ = {isa = PBXFileReference; lastKnownFileType = image.png; name = play_mode_0.png; path = Resources/Graphics/play_mode_0.png; sourceTree = "<group>"; };
		377E0319085E3ED500D64A26 /* play_mode_1.png */ = {isa = PBXFileReference; lastKnownFileType = image.png; name = play_mode_1.png; path = Resources/Graphics/play_mode_1.png; sourceTree = "<group>"; };
		377E031A085E3ED500D64A26 /* play_mode_2.png */ = {isa = PBXFileReference; lastKnownFileType = image.png; name = play_mode_2.png; path = Resources/Graphics/play_mode_2.png; sourceTree = "<group>"; };
		377E031C085E3ED500D64A26 /* playing_dvd.png */ = {isa = PBXFileReference; lastKnownFileType = image.png; name = playing_dvd.png; path = Resources/Graphics/playing_dvd.png; sourceTree = "<group>"; };
		377E031D085E3ED500D64A26 /* playing_state.png */ = {isa = PBXFileReference; lastKnownFileType = image.png; name = playing_state.png; path = Resources/Graphics/playing_state.png; sourceTree = "<group>"; };
		377E031E085E3ED500D64A26 /* playing_stream.png */ = {isa = PBXFileReference; lastKnownFileType = image.png; name = playing_stream.png; path = Resources/Graphics/playing_stream.png; sourceTree = "<group>"; };
		377E031F085E3ED500D64A26 /* scrub_bar_badge.tif */ = {isa = PBXFileReference; lastKnownFileType = image.tiff; name = scrub_bar_badge.tif; path = Resources/Graphics/scrub_bar_badge.tif; sourceTree = "<group>"; };
		377E0320085E3ED500D64A26 /* scrub_bar_ends.tif */ = {isa = PBXFileReference; lastKnownFileType = image.tiff; name = scrub_bar_ends.tif; path = Resources/Graphics/scrub_bar_ends.tif; sourceTree = "<group>"; };
		377E0321085E3ED500D64A26 /* scrub_bar_run.tif */ = {isa = PBXFileReference; lastKnownFileType = image.tiff; name = scrub_bar_run.tif; path = Resources/Graphics/scrub_bar_run.tif; sourceTree = "<group>"; };
		377E0326085E3ED500D64A26 /* settings.png */ = {isa = PBXFileReference; lastKnownFileType = image.png; name = settings.png; path = Resources/Graphics/settings.png; sourceTree = "<group>"; };
		377E0329085E3ED500D64A26 /* subtitles.icns */ = {isa = PBXFileReference; lastKnownFileType = image.icns; name = subtitles.icns; path = Resources/Graphics/subtitles.icns; sourceTree = "<group>"; };
		377E032A085E3ED500D64A26 /* volume0.png */ = {isa = PBXFileReference; lastKnownFileType = image.png; name = volume0.png; path = Resources/Graphics/volume0.png; sourceTree = "<group>"; };
		377E032C085E3ED500D64A26 /* volume2.png */ = {isa = PBXFileReference; lastKnownFileType = image.png; name = volume2.png; path = Resources/Graphics/volume2.png; sourceTree = "<group>"; };
		377E032D085E3ED500D64A26 /* volume3.png */ = {isa = PBXFileReference; lastKnownFileType = image.png; name = volume3.png; path = Resources/Graphics/volume3.png; sourceTree = "<group>"; };
		377E0369085E480E00D64A26 /* MplayerInterface.h */ = {isa = PBXFileReference; fileEncoding = 30; lastKnownFileType = sourcecode.c.h; name = MplayerInterface.h; path = Sources/Classes/MplayerInterface.h; sourceTree = "<group>"; };
		377E036A085E480E00D64A26 /* MplayerInterface.m */ = {isa = PBXFileReference; fileEncoding = 30; lastKnownFileType = sourcecode.c.objc; name = MplayerInterface.m; path = Sources/Classes/MplayerInterface.m; sourceTree = "<group>"; };
		377E036D085E480E00D64A26 /* ScrubbingBar.h */ = {isa = PBXFileReference; fileEncoding = 30; lastKnownFileType = sourcecode.c.h; name = ScrubbingBar.h; path = Sources/Classes/ScrubbingBar.h; sourceTree = "<group>"; };
		377E036E085E480E00D64A26 /* ScrubbingBar.m */ = {isa = PBXFileReference; fileEncoding = 30; lastKnownFileType = sourcecode.c.objc; name = ScrubbingBar.m; path = Sources/Classes/ScrubbingBar.m; sourceTree = "<group>"; };
		377E0373085E482B00D64A26 /* AppController.h */ = {isa = PBXFileReference; fileEncoding = 30; lastKnownFileType = sourcecode.c.h; name = AppController.h; path = Sources/Controllers/AppController.h; sourceTree = "<group>"; };
		377E0374085E482B00D64A26 /* AppController.m */ = {isa = PBXFileReference; fileEncoding = 30; lastKnownFileType = sourcecode.c.objc; name = AppController.m; path = Sources/Controllers/AppController.m; sourceTree = "<group>"; };
		377E0376085E482B00D64A26 /* PlayerController.m */ = {isa = PBXFileReference; fileEncoding = 30; lastKnownFileType = sourcecode.c.objc; name = PlayerController.m; path = Sources/Controllers/PlayerController.m; sourceTree = "<group>"; };
		377E0379085E482B00D64A26 /* PreferencesController.h */ = {isa = PBXFileReference; fileEncoding = 30; lastKnownFileType = sourcecode.c.h; name = PreferencesController.h; path = Sources/Controllers/PreferencesController.h; sourceTree = "<group>"; };
		377E037A085E482B00D64A26 /* PreferencesController.m */ = {isa = PBXFileReference; fileEncoding = 30; lastKnownFileType = sourcecode.c.objc; name = PreferencesController.m; path = Sources/Controllers/PreferencesController.m; sourceTree = "<group>"; };
		377E037B085E482B00D64A26 /* SettingsController.h */ = {isa = PBXFileReference; fileEncoding = 30; lastKnownFileType = sourcecode.c.h; name = SettingsController.h; path = Sources/Controllers/SettingsController.h; sourceTree = "<group>"; };
		377E037C085E482B00D64A26 /* SettingsController.m */ = {isa = PBXFileReference; fileEncoding = 30; lastKnownFileType = sourcecode.c.objc; name = SettingsController.m; path = Sources/Controllers/SettingsController.m; sourceTree = "<group>"; };
		378749150891B7A60068D97D /* fonts */ = {isa = PBXFileReference; lastKnownFileType = folder; name = fonts; path = Resources/fonts; sourceTree = "<group>"; };
		3797409F0875CA980049E91B /* VideoOpenGLView.h */ = {isa = PBXFileReference; fileEncoding = 30; lastKnownFileType = sourcecode.c.h; name = VideoOpenGLView.h; path = Sources/Classes/VideoOpenGLView.h; sourceTree = "<group>"; };
		379740A00875CA980049E91B /* VideoOpenGLView.m */ = {isa = PBXFileReference; fileEncoding = 30; lastKnownFileType = sourcecode.c.objc; name = VideoOpenGLView.m; path = Sources/Classes/VideoOpenGLView.m; sourceTree = "<group>"; };
		37B934DA088FDF9200C81536 /* PlaylistTableView.h */ = {isa = PBXFileReference; fileEncoding = 30; lastKnownFileType = sourcecode.c.h; name = PlaylistTableView.h; path = Sources/Classes/PlaylistTableView.h; sourceTree = "<group>"; };
		37B934DB088FDF9200C81536 /* PlaylistTableView.m */ = {isa = PBXFileReference; fileEncoding = 30; lastKnownFileType = sourcecode.c.objc; name = PlaylistTableView.m; path = Sources/Classes/PlaylistTableView.m; sourceTree = "<group>"; };
		37C093EB088429AE00D06F8B /* PlayerWindow.m */ = {isa = PBXFileReference; fileEncoding = 30; lastKnownFileType = sourcecode.c.objc; name = PlayerWindow.m; path = Sources/Classes/PlayerWindow.m; sourceTree = "<group>"; };
		37C093EC088429AE00D06F8B /* PlayerWindow.h */ = {isa = PBXFileReference; fileEncoding = 30; lastKnownFileType = sourcecode.c.h; name = PlayerWindow.h; path = Sources/Classes/PlayerWindow.h; sourceTree = "<group>"; };
		37DCF8790888624D00DBF422 /* play_button_off.png */ = {isa = PBXFileReference; lastKnownFileType = image.png; name = play_button_off.png; path = Resources/Graphics/play_button_off.png; sourceTree = "<group>"; };
		37DCF87A0888624D00DBF422 /* play_button_on.png */ = {isa = PBXFileReference; lastKnownFileType = image.png; name = play_button_on.png; path = Resources/Graphics/play_button_on.png; sourceTree = "<group>"; };
		37DCF880088868B300DBF422 /* gotob_button_off.png */ = {isa = PBXFileReference; lastKnownFileType = image.png; name = gotob_button_off.png; path = Resources/Graphics/gotob_button_off.png; sourceTree = "<group>"; };
		37DCF881088868B300DBF422 /* gotob_button_on.png */ = {isa = PBXFileReference; lastKnownFileType = image.png; name = gotob_button_on.png; path = Resources/Graphics/gotob_button_on.png; sourceTree = "<group>"; };
		37DCF882088868B300DBF422 /* gotoe_button_off.png */ = {isa = PBXFileReference; lastKnownFileType = image.png; name = gotoe_button_off.png; path = Resources/Graphics/gotoe_button_off.png; sourceTree = "<group>"; };
		37DCF883088868B300DBF422 /* gotoe_button_on.png */ = {isa = PBXFileReference; lastKnownFileType = image.png; name = gotoe_button_on.png; path = Resources/Graphics/gotoe_button_on.png; sourceTree = "<group>"; };
		37DCF884088868B300DBF422 /* pause_button_off.png */ = {isa = PBXFileReference; lastKnownFileType = image.png; name = pause_button_off.png; path = Resources/Graphics/pause_button_off.png; sourceTree = "<group>"; };
		37DCF885088868B300DBF422 /* pause_button_on.png */ = {isa = PBXFileReference; lastKnownFileType = image.png; name = pause_button_on.png; path = Resources/Graphics/pause_button_on.png; sourceTree = "<group>"; };
		37DCF886088868B300DBF422 /* rwd_button_off.png */ = {isa = PBXFileReference; lastKnownFileType = image.png; name = rwd_button_off.png; path = Resources/Graphics/rwd_button_off.png; sourceTree = "<group>"; };
		37DCF887088868B300DBF422 /* rwd_button_on.png */ = {isa = PBXFileReference; lastKnownFileType = image.png; name = rwd_button_on.png; path = Resources/Graphics/rwd_button_on.png; sourceTree = "<group>"; };
		37DCF888088868B300DBF422 /* stop_button_off.png */ = {isa = PBXFileReference; lastKnownFileType = image.png; name = stop_button_off.png; path = Resources/Graphics/stop_button_off.png; sourceTree = "<group>"; };
		37DCF889088868B300DBF422 /* stop_button_on.png */ = {isa = PBXFileReference; lastKnownFileType = image.png; name = stop_button_on.png; path = Resources/Graphics/stop_button_on.png; sourceTree = "<group>"; };
		37DCF89608886A2800DBF422 /* ffwd_button_off.png */ = {isa = PBXFileReference; lastKnownFileType = image.png; name = ffwd_button_off.png; path = Resources/Graphics/ffwd_button_off.png; sourceTree = "<group>"; };
		37DCF89708886A2800DBF422 /* ffwd_button_on.png */ = {isa = PBXFileReference; lastKnownFileType = image.png; name = ffwd_button_on.png; path = Resources/Graphics/ffwd_button_on.png; sourceTree = "<group>"; };
		37EA49C30861CCAB0026216A /* volume1.png */ = {isa = PBXFileReference; lastKnownFileType = image.png; name = volume1.png; path = Resources/Graphics/volume1.png; sourceTree = "<group>"; };
		37EA49EF0861CD840026216A /* English */ = {isa = PBXFileReference; lastKnownFileType = folder; name = English; path = "Resources/English.lproj/MPlayer OSX Help"; sourceTree = "<group>"; };
		37EA4A300861D0980026216A /* English */ = {isa = PBXFileReference; lastKnownFileType = wrapper.nib; name = English; path = Resources/English.lproj/MainMenu.nib; sourceTree = "<group>"; };
		37EA4AA3086214020026216A /* VolumeSlider.h */ = {isa = PBXFileReference; fileEncoding = 30; lastKnownFileType = sourcecode.c.h; name = VolumeSlider.h; path = Sources/Classes/VolumeSlider.h; sourceTree = "<group>"; };
		37EA4AA4086214030026216A /* VolumeSlider.m */ = {isa = PBXFileReference; fileEncoding = 30; lastKnownFileType = sourcecode.c.objc; name = VolumeSlider.m; path = Sources/Classes/VolumeSlider.m; sourceTree = "<group>"; };
		37EA4AB5086218D50026216A /* volumeKnobOff.png */ = {isa = PBXFileReference; lastKnownFileType = image.png; name = volumeKnobOff.png; path = Resources/Graphics/volumeKnobOff.png; sourceTree = "<group>"; };
		37EA4ABD086220520026216A /* volumeKnobOn.png */ = {isa = PBXFileReference; lastKnownFileType = image.png; name = volumeKnobOn.png; path = Resources/Graphics/volumeKnobOn.png; sourceTree = "<group>"; };
		37EA4BC1086271480026216A /* scrub_bar_anim.png */ = {isa = PBXFileReference; lastKnownFileType = image.png; name = scrub_bar_anim.png; path = Resources/Graphics/scrub_bar_anim.png; sourceTree = "<group>"; };
		3A0943270E44F8E300E6753F /* MovieInfo.h */ = {isa = PBXFileReference; fileEncoding = 4; lastKnownFileType = sourcecode.c.h; name = MovieInfo.h; path = Sources/Classes/MovieInfo.h; sourceTree = "<group>"; };
		3A0943280E44F8E300E6753F /* MovieInfo.m */ = {isa = PBXFileReference; fileEncoding = 4; lastKnownFileType = sourcecode.c.objc; name = MovieInfo.m; path = Sources/Classes/MovieInfo.m; sourceTree = "<group>"; };
		3A09436A0E45043000E6753F /* LanguageCodes.h */ = {isa = PBXFileReference; fileEncoding = 4; lastKnownFileType = sourcecode.c.h; name = LanguageCodes.h; path = Sources/Classes/LanguageCodes.h; sourceTree = "<group>"; };
		3A09436B0E45043000E6753F /* LanguageCodes.m */ = {isa = PBXFileReference; fileEncoding = 4; lastKnownFileType = sourcecode.c.objc; name = LanguageCodes.m; path = Sources/Classes/LanguageCodes.m; sourceTree = "<group>"; };
		3A0A3E510F670C89008C8507 /* External_Binaries */ = {isa = PBXFileReference; lastKnownFileType = folder; path = External_Binaries; sourceTree = "<group>"; };
		3A36660D0FE6E6A500CF05DC /* AppleRemote.m */ = {isa = PBXFileReference; fileEncoding = 4; lastKnownFileType = sourcecode.c.objc; name = AppleRemote.m; path = Sources/External/AppleRemote/AppleRemote.m; sourceTree = "<group>"; };
		3A36660E0FE6E6A500CF05DC /* AppleRemote.h */ = {isa = PBXFileReference; fileEncoding = 4; lastKnownFileType = sourcecode.c.h; name = AppleRemote.h; path = Sources/External/AppleRemote/AppleRemote.h; sourceTree = "<group>"; };
		3A38D3C30E50E45A00C1E468 /* Debug.h */ = {isa = PBXFileReference; fileEncoding = 4; lastKnownFileType = sourcecode.c.h; name = Debug.h; path = Sources/Classes/Debug.h; sourceTree = "<group>"; };
		3A38D3C40E50E45A00C1E468 /* Debug.m */ = {isa = PBXFileReference; fileEncoding = 4; lastKnownFileType = sourcecode.c.objc; name = Debug.m; path = Sources/Classes/Debug.m; sourceTree = "<group>"; };
		3A5879C70EED42BD003408E8 /* Sparkle.framework */ = {isa = PBXFileReference; lastKnownFileType = wrapper.framework; path = Sparkle.framework; sourceTree = "<group>"; };
		3A5879DF0EED4507003408E8 /* dsa_pub.pem */ = {isa = PBXFileReference; fileEncoding = 4; lastKnownFileType = text; name = dsa_pub.pem; path = Resources/dsa_pub.pem; sourceTree = "<group>"; };
		3A63894F108B953F00E90936 /* PFMoveApplication.h */ = {isa = PBXFileReference; fileEncoding = 4; lastKnownFileType = sourcecode.c.h; path = PFMoveApplication.h; sourceTree = "<group>"; };
		3A638950108B953F00E90936 /* PFMoveApplication.m */ = {isa = PBXFileReference; fileEncoding = 4; lastKnownFileType = sourcecode.c.objc; path = PFMoveApplication.m; sourceTree = "<group>"; };
		3A638954108B95B000E90936 /* English */ = {isa = PBXFileReference; fileEncoding = 4; lastKnownFileType = text.plist.strings; name = English; path = Resources/English.lproj/MoveApplication.strings; sourceTree = "<group>"; };
		3A638958108B95D300E90936 /* Security.framework */ = {isa = PBXFileReference; lastKnownFileType = wrapper.framework; name = Security.framework; path = System/Library/Frameworks/Security.framework; sourceTree = SDKROOT; };
		3A861D951084C97800ADE9B9 /* binaries.icns */ = {isa = PBXFileReference; lastKnownFileType = image.icns; name = binaries.icns; path = Resources/Graphics/binaries.icns; sourceTree = "<group>"; };
		3A861DD21085112C00ADE9B9 /* JobLarge.png */ = {isa = PBXFileReference; lastKnownFileType = image.png; path = JobLarge.png; sourceTree = "<group>"; };
		3A861DD31085112C00ADE9B9 /* pref-audio.tiff */ = {isa = PBXFileReference; lastKnownFileType = image.tiff; path = "pref-audio.tiff"; sourceTree = "<group>"; };
		3A861DD41085112C00ADE9B9 /* pref-picture.tiff */ = {isa = PBXFileReference; lastKnownFileType = image.tiff; path = "pref-picture.tiff"; sourceTree = "<group>"; };
		3A861DD81085153E00ADE9B9 /* applications-accessories.png */ = {isa = PBXFileReference; lastKnownFileType = image.png; path = "applications-accessories.png"; sourceTree = "<group>"; };
		3A861DD91085153E00ADE9B9 /* applications-multimedia.png */ = {isa = PBXFileReference; lastKnownFileType = image.png; path = "applications-multimedia.png"; sourceTree = "<group>"; };
		3A861DDA1085153E00ADE9B9 /* applications-system.png */ = {isa = PBXFileReference; lastKnownFileType = image.png; path = "applications-system.png"; sourceTree = "<group>"; };
		3A861DDB1085153E00ADE9B9 /* audio-input-microphone.png */ = {isa = PBXFileReference; lastKnownFileType = image.png; path = "audio-input-microphone.png"; sourceTree = "<group>"; };
		3A861DDC1085153E00ADE9B9 /* audio-volume-high.png */ = {isa = PBXFileReference; lastKnownFileType = image.png; path = "audio-volume-high.png"; sourceTree = "<group>"; };
		3A861DDD1085153E00ADE9B9 /* camera-video.png */ = {isa = PBXFileReference; lastKnownFileType = image.png; path = "camera-video.png"; sourceTree = "<group>"; };
		3A861DDE1085153E00ADE9B9 /* emblem-system.png */ = {isa = PBXFileReference; lastKnownFileType = image.png; path = "emblem-system.png"; sourceTree = "<group>"; };
		3A861DDF1085153E00ADE9B9 /* font-x-generic.png */ = {isa = PBXFileReference; lastKnownFileType = image.png; path = "font-x-generic.png"; sourceTree = "<group>"; };
		3A861DE01085153E00ADE9B9 /* media-playback-start.png */ = {isa = PBXFileReference; lastKnownFileType = image.png; path = "media-playback-start.png"; sourceTree = "<group>"; };
		3A861DE11085153E00ADE9B9 /* preferences-desktop.png */ = {isa = PBXFileReference; lastKnownFileType = image.png; path = "preferences-desktop.png"; sourceTree = "<group>"; };
		3A861DE21085153E00ADE9B9 /* preferences-system.png */ = {isa = PBXFileReference; lastKnownFileType = image.png; path = "preferences-system.png"; sourceTree = "<group>"; };
		3A861DE31085153E00ADE9B9 /* system-file-manager.png */ = {isa = PBXFileReference; lastKnownFileType = image.png; path = "system-file-manager.png"; sourceTree = "<group>"; };
		3A861DE41085153E00ADE9B9 /* video-display.png */ = {isa = PBXFileReference; lastKnownFileType = image.png; path = "video-display.png"; sourceTree = "<group>"; };
		3A861DE51085153E00ADE9B9 /* video-x-generic.png */ = {isa = PBXFileReference; lastKnownFileType = image.png; path = "video-x-generic.png"; sourceTree = "<group>"; };
		3A96C9590E4E20B800B7B261 /* iso-639-3.tab */ = {isa = PBXFileReference; fileEncoding = 4; lastKnownFileType = text; name = "iso-639-3.tab"; path = "Resources/iso-639-3.tab"; sourceTree = "<group>"; };
		3AB2120A0EABE74900ACA509 /* PlayerFullscreenWindow.h */ = {isa = PBXFileReference; fileEncoding = 4; lastKnownFileType = sourcecode.c.h; name = PlayerFullscreenWindow.h; path = Sources/Classes/PlayerFullscreenWindow.h; sourceTree = "<group>"; };
		3AB2120B0EABE74900ACA509 /* PlayerFullscreenWindow.m */ = {isa = PBXFileReference; fileEncoding = 4; lastKnownFileType = sourcecode.c.objc; name = PlayerFullscreenWindow.m; path = Sources/Classes/PlayerFullscreenWindow.m; sourceTree = "<group>"; };
		3ABF85400EBFA084001FE779 /* FullscreenControls.h */ = {isa = PBXFileReference; fileEncoding = 4; lastKnownFileType = sourcecode.c.h; name = FullscreenControls.h; path = Sources/Classes/FullscreenControls.h; sourceTree = "<group>"; };
		3ABF85410EBFA084001FE779 /* FullscreenControls.m */ = {isa = PBXFileReference; fileEncoding = 4; lastKnownFileType = sourcecode.c.objc; name = FullscreenControls.m; path = Sources/Classes/FullscreenControls.m; sourceTree = "<group>"; };
		3ABF86560EBFAD06001FE779 /* FullscreenControlsView.h */ = {isa = PBXFileReference; fileEncoding = 4; lastKnownFileType = sourcecode.c.h; name = FullscreenControlsView.h; path = Sources/Classes/FullscreenControlsView.h; sourceTree = "<group>"; };
		3ABF86570EBFAD06001FE779 /* FullscreenControlsView.m */ = {isa = PBXFileReference; fileEncoding = 4; lastKnownFileType = sourcecode.c.objc; name = FullscreenControlsView.m; path = Sources/Classes/FullscreenControlsView.m; sourceTree = "<group>"; };
		3ABF86A70EBFAF4C001FE779 /* fc_background.png */ = {isa = PBXFileReference; lastKnownFileType = image.png; name = fc_background.png; path = Resources/Graphics/fc_background.png; sourceTree = "<group>"; };
		3ADA6F830FED749300F7AFB9 /* IOKit.framework */ = {isa = PBXFileReference; lastKnownFileType = wrapper.framework; name = IOKit.framework; path = System/Library/Frameworks/IOKit.framework; sourceTree = SDKROOT; };
		3ADA70930FED843800F7AFB9 /* libexpat.1.dylib */ = {isa = PBXFileReference; explicitFileType = "compiled.mach-o.dylib"; name = libexpat.1.dylib; path = "build/Release/MPlayer OSX Extended.app/Contents/Resources/External_Binaries/mplayer.app/Contents/MacOS/lib/libexpat.1.dylib"; sourceTree = "<group>"; };
		3ADA70940FED843800F7AFB9 /* libfontconfig.1.dylib */ = {isa = PBXFileReference; lastKnownFileType = "compiled.mach-o.dylib"; name = libfontconfig.1.dylib; path = "build/Release/MPlayer OSX Extended.app/Contents/Resources/External_Binaries/mplayer.app/Contents/MacOS/lib/libfontconfig.1.dylib"; sourceTree = "<group>"; };
		3ADA70950FED843800F7AFB9 /* libfreetype.6.dylib */ = {isa = PBXFileReference; lastKnownFileType = "compiled.mach-o.dylib"; name = libfreetype.6.dylib; path = "build/Release/MPlayer OSX Extended.app/Contents/Resources/External_Binaries/mplayer.app/Contents/MacOS/lib/libfreetype.6.dylib"; sourceTree = "<group>"; };
		3ADA70960FED843800F7AFB9 /* libiconv.2.dylib */ = {isa = PBXFileReference; lastKnownFileType = "compiled.mach-o.dylib"; name = libiconv.2.dylib; path = "build/Release/MPlayer OSX Extended.app/Contents/Resources/External_Binaries/mplayer.app/Contents/MacOS/lib/libiconv.2.dylib"; sourceTree = "<group>"; };
		3AE612290EC08130009F2F12 /* fc_scrub_bg.png */ = {isa = PBXFileReference; lastKnownFileType = image.png; name = fc_scrub_bg.png; path = Resources/Graphics/fc_scrub_bg.png; sourceTree = "<group>"; };
		3AE6122A0EC08130009F2F12 /* fc_srub_bar.png */ = {isa = PBXFileReference; lastKnownFileType = image.png; name = fc_srub_bar.png; path = Resources/Graphics/fc_srub_bar.png; sourceTree = "<group>"; };
		3AE6122B0EC08130009F2F12 /* fc_fast_rewind.png */ = {isa = PBXFileReference; lastKnownFileType = image.png; name = fc_fast_rewind.png; path = Resources/Graphics/fc_fast_rewind.png; sourceTree = "<group>"; };
		3AE6122C0EC08130009F2F12 /* fc_play.png */ = {isa = PBXFileReference; lastKnownFileType = image.png; name = fc_play.png; path = Resources/Graphics/fc_play.png; sourceTree = "<group>"; };
		3AE6122D0EC08130009F2F12 /* fc_skip_right.png */ = {isa = PBXFileReference; lastKnownFileType = image.png; name = fc_skip_right.png; path = Resources/Graphics/fc_skip_right.png; sourceTree = "<group>"; };
		3AE6122E0EC08130009F2F12 /* fc_fast_forward.png */ = {isa = PBXFileReference; lastKnownFileType = image.png; name = fc_fast_forward.png; path = Resources/Graphics/fc_fast_forward.png; sourceTree = "<group>"; };
		3AE6122F0EC08130009F2F12 /* fc_fullscreen.png */ = {isa = PBXFileReference; lastKnownFileType = image.png; name = fc_fullscreen.png; path = Resources/Graphics/fc_fullscreen.png; sourceTree = "<group>"; };
		3AE612300EC08130009F2F12 /* fc_aslider_bar.png */ = {isa = PBXFileReference; lastKnownFileType = image.png; name = fc_aslider_bar.png; path = Resources/Graphics/fc_aslider_bar.png; sourceTree = "<group>"; };
		3AE612310EC08130009F2F12 /* fc_aslider_knob.png */ = {isa = PBXFileReference; lastKnownFileType = image.png; name = fc_aslider_knob.png; path = Resources/Graphics/fc_aslider_knob.png; sourceTree = "<group>"; };
		3AE612320EC08130009F2F12 /* fc_audio.png */ = {isa = PBXFileReference; lastKnownFileType = image.png; name = fc_audio.png; path = Resources/Graphics/fc_audio.png; sourceTree = "<group>"; };
		3AE612340EC08130009F2F12 /* fc_aslider_icon.png */ = {isa = PBXFileReference; lastKnownFileType = image.png; name = fc_aslider_icon.png; path = Resources/Graphics/fc_aslider_icon.png; sourceTree = "<group>"; };
		3AE612350EC08130009F2F12 /* fc_subtitles.png */ = {isa = PBXFileReference; lastKnownFileType = image.png; name = fc_subtitles.png; path = Resources/Graphics/fc_subtitles.png; sourceTree = "<group>"; };
		3AE612360EC08130009F2F12 /* fc_skip_left.png */ = {isa = PBXFileReference; lastKnownFileType = image.png; name = fc_skip_left.png; path = Resources/Graphics/fc_skip_left.png; sourceTree = "<group>"; };
		3AE6124D0EC08677009F2F12 /* fc_play_on.png */ = {isa = PBXFileReference; lastKnownFileType = image.png; name = fc_play_on.png; path = Resources/Graphics/fc_play_on.png; sourceTree = "<group>"; };
		3AE612510EC088E7009F2F12 /* fc_aslider_icon_on.png */ = {isa = PBXFileReference; lastKnownFileType = image.png; name = fc_aslider_icon_on.png; path = Resources/Graphics/fc_aslider_icon_on.png; sourceTree = "<group>"; };
		3AE612520EC088E7009F2F12 /* fc_skip_left_on.png */ = {isa = PBXFileReference; lastKnownFileType = image.png; name = fc_skip_left_on.png; path = Resources/Graphics/fc_skip_left_on.png; sourceTree = "<group>"; };
		3AE612530EC088E7009F2F12 /* fc_subtitles_on.png */ = {isa = PBXFileReference; lastKnownFileType = image.png; name = fc_subtitles_on.png; path = Resources/Graphics/fc_subtitles_on.png; sourceTree = "<group>"; };
		3AE612540EC088E7009F2F12 /* fc_fullscreen_on.png */ = {isa = PBXFileReference; lastKnownFileType = image.png; name = fc_fullscreen_on.png; path = Resources/Graphics/fc_fullscreen_on.png; sourceTree = "<group>"; };
		3AE612550EC088E7009F2F12 /* fc_fast_forward_on.png */ = {isa = PBXFileReference; lastKnownFileType = image.png; name = fc_fast_forward_on.png; path = Resources/Graphics/fc_fast_forward_on.png; sourceTree = "<group>"; };
		3AE612560EC088E7009F2F12 /* fc_fast_rewind_on.png */ = {isa = PBXFileReference; lastKnownFileType = image.png; name = fc_fast_rewind_on.png; path = Resources/Graphics/fc_fast_rewind_on.png; sourceTree = "<group>"; };
		3AE612570EC088E7009F2F12 /* fc_skip_right_on.png */ = {isa = PBXFileReference; lastKnownFileType = image.png; name = fc_skip_right_on.png; path = Resources/Graphics/fc_skip_right_on.png; sourceTree = "<group>"; };
		3AE612580EC088E7009F2F12 /* fc_aslider_knob_on.png */ = {isa = PBXFileReference; lastKnownFileType = image.png; name = fc_aslider_knob_on.png; path = Resources/Graphics/fc_aslider_knob_on.png; sourceTree = "<group>"; };
		3AE612590EC088E7009F2F12 /* fc_audio_on.png */ = {isa = PBXFileReference; lastKnownFileType = image.png; name = fc_audio_on.png; path = Resources/Graphics/fc_audio_on.png; sourceTree = "<group>"; };
		3AE612640EC08C2D009F2F12 /* FullscreenControlsVolumeSlider.h */ = {isa = PBXFileReference; fileEncoding = 4; lastKnownFileType = sourcecode.c.h; name = FullscreenControlsVolumeSlider.h; path = Sources/Classes/FullscreenControlsVolumeSlider.h; sourceTree = "<group>"; };
		3AE612650EC08C2D009F2F12 /* FullscreenControlsVolumeSlider.m */ = {isa = PBXFileReference; fileEncoding = 4; lastKnownFileType = sourcecode.c.objc; name = FullscreenControlsVolumeSlider.m; path = Sources/Classes/FullscreenControlsVolumeSlider.m; sourceTree = "<group>"; };
		3AF152240F97B3F700409534 /* RegexKitLite.m */ = {isa = PBXFileReference; fileEncoding = 4; lastKnownFileType = sourcecode.c.objc; name = RegexKitLite.m; path = Sources/External/RegexKitLite/RegexKitLite.m; sourceTree = "<group>"; };
		3AF152250F97B3F700409534 /* RegexKitLite.h */ = {isa = PBXFileReference; fileEncoding = 4; lastKnownFileType = sourcecode.c.h; name = RegexKitLite.h; path = Sources/External/RegexKitLite/RegexKitLite.h; sourceTree = "<group>"; };
		3AF152A30F97C21500409534 /* iso-639.plist */ = {isa = PBXFileReference; lastKnownFileType = file.bplist; name = "iso-639.plist"; path = "Resources/iso-639.plist"; sourceTree = "<group>"; };
		3AFE252F0EC0FA29009FFEC5 /* FullscreenControlsScrubbingBar.h */ = {isa = PBXFileReference; fileEncoding = 4; lastKnownFileType = sourcecode.c.h; name = FullscreenControlsScrubbingBar.h; path = Sources/Classes/FullscreenControlsScrubbingBar.h; sourceTree = "<group>"; };
		3AFE25300EC0FA29009FFEC5 /* FullscreenControlsScrubbingBar.m */ = {isa = PBXFileReference; fileEncoding = 4; lastKnownFileType = sourcecode.c.objc; name = FullscreenControlsScrubbingBar.m; path = Sources/Classes/FullscreenControlsScrubbingBar.m; sourceTree = "<group>"; };
		3AFE25330EC0FEBB009FFEC5 /* fc_scrub_anim.png */ = {isa = PBXFileReference; lastKnownFileType = image.png; name = fc_scrub_anim.png; path = Resources/Graphics/fc_scrub_anim.png; sourceTree = "<group>"; };
		3AFE25340EC0FEBB009FFEC5 /* fc_scrub_run.png */ = {isa = PBXFileReference; lastKnownFileType = image.png; name = fc_scrub_run.png; path = Resources/Graphics/fc_scrub_run.png; sourceTree = "<group>"; };
		3AFE25350EC0FEBB009FFEC5 /* fc_scrub_ends.png */ = {isa = PBXFileReference; lastKnownFileType = image.png; name = fc_scrub_ends.png; path = Resources/Graphics/fc_scrub_ends.png; sourceTree = "<group>"; };
		3AFE25AC0EC110BF009FFEC5 /* fc_pause.png */ = {isa = PBXFileReference; lastKnownFileType = image.png; name = fc_pause.png; path = Resources/Graphics/fc_pause.png; sourceTree = "<group>"; };
		3AFE25AE0EC11114009FFEC5 /* fc_pause_on.png */ = {isa = PBXFileReference; lastKnownFileType = image.png; name = fc_pause_on.png; path = Resources/Graphics/fc_pause_on.png; sourceTree = "<group>"; };
		3AFE25BD0EC11307009FFEC5 /* fc_scrub_badge.png */ = {isa = PBXFileReference; lastKnownFileType = image.png; name = fc_scrub_badge.png; path = Resources/Graphics/fc_scrub_badge.png; sourceTree = "<group>"; };
		8D1107310486CEB800E47090 /* Info.plist */ = {isa = PBXFileReference; fileEncoding = 4; lastKnownFileType = text.plist.xml; name = Info.plist; path = Resources/Info.plist; sourceTree = "<group>"; };
		8D1107320486CEB800E47090 /* MPlayer OSX Extended.app */ = {isa = PBXFileReference; explicitFileType = wrapper.application; includeInIndex = 0; path = "MPlayer OSX Extended.app"; sourceTree = BUILT_PRODUCTS_DIR; };
/* End PBXFileReference section */

/* Begin PBXFrameworksBuildPhase section */
		8D11072E0486CEB800E47090 /* Frameworks */ = {
			isa = PBXFrameworksBuildPhase;
			buildActionMask = 2147483647;
			files = (
				8D11072F0486CEB800E47090 /* Cocoa.framework in Frameworks */,
				3747F27D087EF9EC00980B71 /* Foundation.framework in Frameworks */,
				3747F280087EFA0700980B71 /* AppKit.framework in Frameworks */,
				3747F282087EFA4200980B71 /* Carbon.framework in Frameworks */,
				3747F284087EFA5D00980B71 /* OpenGL.framework in Frameworks */,
				3747F286087EFA6A00980B71 /* QuartzCore.framework in Frameworks */,
				3A5879C80EED42BD003408E8 /* Sparkle.framework in Frameworks */,
				3ADA6F840FED749300F7AFB9 /* IOKit.framework in Frameworks */,
				3ADA70970FED843800F7AFB9 /* libexpat.1.dylib in Frameworks */,
				3ADA70980FED843800F7AFB9 /* libfontconfig.1.dylib in Frameworks */,
				3ADA70990FED843800F7AFB9 /* libfreetype.6.dylib in Frameworks */,
				3ADA709A0FED843800F7AFB9 /* libiconv.2.dylib in Frameworks */,
				3A638959108B95D300E90936 /* Security.framework in Frameworks */,
			);
			runOnlyForDeploymentPostprocessing = 0;
		};
/* End PBXFrameworksBuildPhase section */

/* Begin PBXGroup section */
		080E96DDFE201D6D7F000001 /* Classes */ = {
			isa = PBXGroup;
			children = (
				3A0E8A4C0EBF9F91003A2F66 /* Interface */,
				377E0369085E480E00D64A26 /* MplayerInterface.h */,
				377E036A085E480E00D64A26 /* MplayerInterface.m */,
				3A0943270E44F8E300E6753F /* MovieInfo.h */,
				3A0943280E44F8E300E6753F /* MovieInfo.m */,
				3A09436A0E45043000E6753F /* LanguageCodes.h */,
				3A09436B0E45043000E6753F /* LanguageCodes.m */,
				3A38D3C30E50E45A00C1E468 /* Debug.h */,
				3A38D3C40E50E45A00C1E468 /* Debug.m */,
			);
			name = Classes;
			sourceTree = "<group>";
		};
		1058C7A0FEA54F0111CA2CBB /* Linked Frameworks */ = {
			isa = PBXGroup;
			children = (
				3ADA70930FED843800F7AFB9 /* libexpat.1.dylib */,
				3ADA70940FED843800F7AFB9 /* libfontconfig.1.dylib */,
				3ADA70950FED843800F7AFB9 /* libfreetype.6.dylib */,
				3ADA70960FED843800F7AFB9 /* libiconv.2.dylib */,
				3A5879C70EED42BD003408E8 /* Sparkle.framework */,
				1058C7A1FEA54F0111CA2CBB /* Cocoa.framework */,
			);
			name = "Linked Frameworks";
			sourceTree = "<group>";
		};
		1058C7A2FEA54F0111CA2CBB /* Other Frameworks */ = {
			isa = PBXGroup;
			children = (
			);
			name = "Other Frameworks";
			sourceTree = "<group>";
		};
		19C28FACFE9D520D11CA2CBB /* Products */ = {
			isa = PBXGroup;
			children = (
				8D1107320486CEB800E47090 /* MPlayer OSX Extended.app */,
			);
			name = Products;
			sourceTree = "<group>";
		};
		29B97314FDCFA39411CA2CEA /* MPlayer OSX */ = {
			isa = PBXGroup;
			children = (
				377E0372085E481700D64A26 /* Controllers */,
				080E96DDFE201D6D7F000001 /* Classes */,
				29B97315FDCFA39411CA2CEA /* Other Sources */,
				29B97317FDCFA39411CA2CEA /* Resources */,
				29B97323FDCFA39411CA2CEA /* Frameworks */,
				19C28FACFE9D520D11CA2CBB /* Products */,
				3A638958108B95D300E90936 /* Security.framework */,
			);
			name = "MPlayer OSX";
			sourceTree = "<group>";
		};
		29B97315FDCFA39411CA2CEA /* Other Sources */ = {
			isa = PBXGroup;
			children = (
				3A63894E108B953F00E90936 /* MoveApplication */,
				3A36660D0FE6E6A500CF05DC /* AppleRemote.m */,
				3A36660E0FE6E6A500CF05DC /* AppleRemote.h */,
				3AF152240F97B3F700409534 /* RegexKitLite.m */,
				3AF152250F97B3F700409534 /* RegexKitLite.h */,
				32CA4F630368D1EE00C91783 /* MPlayer OSX_Prefix.pch */,
				29B97316FDCFA39411CA2CEA /* main.m */,
			);
			name = "Other Sources";
			sourceTree = "<group>";
		};
		29B97317FDCFA39411CA2CEA /* Resources */ = {
			isa = PBXGroup;
			children = (
				3A861D951084C97800ADE9B9 /* binaries.icns */,
				3A861DD11085112C00ADE9B9 /* PreferencesIcons */,
				3A0A3E510F670C89008C8507 /* External_Binaries */,
				3A5879DF0EED4507003408E8 /* dsa_pub.pem */,
				378749150891B7A60068D97D /* fonts */,
				37DCF89608886A2800DBF422 /* ffwd_button_off.png */,
				37DCF89708886A2800DBF422 /* ffwd_button_on.png */,
				37DCF880088868B300DBF422 /* gotob_button_off.png */,
				3A96C9590E4E20B800B7B261 /* iso-639-3.tab */,
				37DCF881088868B300DBF422 /* gotob_button_on.png */,
				37DCF882088868B300DBF422 /* gotoe_button_off.png */,
				3ABF86A70EBFAF4C001FE779 /* fc_background.png */,
				3A638953108B95B000E90936 /* MoveApplication.strings */,
				3AE612290EC08130009F2F12 /* fc_scrub_bg.png */,
				3AE6122A0EC08130009F2F12 /* fc_srub_bar.png */,
				3AE6122B0EC08130009F2F12 /* fc_fast_rewind.png */,
				3AE6122C0EC08130009F2F12 /* fc_play.png */,
				3AE6124D0EC08677009F2F12 /* fc_play_on.png */,
				3AFE25AC0EC110BF009FFEC5 /* fc_pause.png */,
				3AFE25AE0EC11114009FFEC5 /* fc_pause_on.png */,
				3AE6122D0EC08130009F2F12 /* fc_skip_right.png */,
				3AE6122E0EC08130009F2F12 /* fc_fast_forward.png */,
				3AE6122F0EC08130009F2F12 /* fc_fullscreen.png */,
				3AE612300EC08130009F2F12 /* fc_aslider_bar.png */,
				3AE612310EC08130009F2F12 /* fc_aslider_knob.png */,
				3AE612320EC08130009F2F12 /* fc_audio.png */,
				3AE612340EC08130009F2F12 /* fc_aslider_icon.png */,
				3AE612350EC08130009F2F12 /* fc_subtitles.png */,
				3AE612360EC08130009F2F12 /* fc_skip_left.png */,
				3AE612510EC088E7009F2F12 /* fc_aslider_icon_on.png */,
				3AE612520EC088E7009F2F12 /* fc_skip_left_on.png */,
				3AE612530EC088E7009F2F12 /* fc_subtitles_on.png */,
				3AE612540EC088E7009F2F12 /* fc_fullscreen_on.png */,
				3AE612550EC088E7009F2F12 /* fc_fast_forward_on.png */,
				3AE612560EC088E7009F2F12 /* fc_fast_rewind_on.png */,
				3AE612570EC088E7009F2F12 /* fc_skip_right_on.png */,
				3AE612580EC088E7009F2F12 /* fc_aslider_knob_on.png */,
				3AE612590EC088E7009F2F12 /* fc_audio_on.png */,
				3AFE25330EC0FEBB009FFEC5 /* fc_scrub_anim.png */,
				3AFE25340EC0FEBB009FFEC5 /* fc_scrub_run.png */,
				3AFE25350EC0FEBB009FFEC5 /* fc_scrub_ends.png */,
				3AFE25BD0EC11307009FFEC5 /* fc_scrub_badge.png */,
				37DCF883088868B300DBF422 /* gotoe_button_on.png */,
				37DCF884088868B300DBF422 /* pause_button_off.png */,
				37DCF885088868B300DBF422 /* pause_button_on.png */,
				37DCF886088868B300DBF422 /* rwd_button_off.png */,
				37DCF887088868B300DBF422 /* rwd_button_on.png */,
				37DCF888088868B300DBF422 /* stop_button_off.png */,
				37DCF889088868B300DBF422 /* stop_button_on.png */,
				37DCF8790888624D00DBF422 /* play_button_off.png */,
				37DCF87A0888624D00DBF422 /* play_button_on.png */,
				37EA4BC1086271480026216A /* scrub_bar_anim.png */,
				377E0313085E3ED500D64A26 /* info.png */,
				37EA4ABD086220520026216A /* volumeKnobOn.png */,
				37EA4AB5086218D50026216A /* volumeKnobOff.png */,
				37EA4A2F0861D0980026216A /* MainMenu.nib */,
				37EA49EE0861CD840026216A /* MPlayer OSX Help */,
				377E0311085E3ED500D64A26 /* audio.icns */,
				377E0312085E3ED500D64A26 /* icon.icns */,
				377E0314085E3ED500D64A26 /* movie.icns */,
				377E0318085E3ED500D64A26 /* play_mode_0.png */,
				377E0319085E3ED500D64A26 /* play_mode_1.png */,
				377E031A085E3ED500D64A26 /* play_mode_2.png */,
				377E031C085E3ED500D64A26 /* playing_dvd.png */,
				377E031D085E3ED500D64A26 /* playing_state.png */,
				377E031E085E3ED500D64A26 /* playing_stream.png */,
				377E031F085E3ED500D64A26 /* scrub_bar_badge.tif */,
				377E0320085E3ED500D64A26 /* scrub_bar_ends.tif */,
				377E0321085E3ED500D64A26 /* scrub_bar_run.tif */,
				377E0326085E3ED500D64A26 /* settings.png */,
				377E0329085E3ED500D64A26 /* subtitles.icns */,
				377E032A085E3ED500D64A26 /* volume0.png */,
				37EA49C30861CCAB0026216A /* volume1.png */,
				377E032C085E3ED500D64A26 /* volume2.png */,
				377E032D085E3ED500D64A26 /* volume3.png */,
				8D1107310486CEB800E47090 /* Info.plist */,
				3AF152A30F97C21500409534 /* iso-639.plist */,
			);
			name = Resources;
			sourceTree = "<group>";
		};
		29B97323FDCFA39411CA2CEA /* Frameworks */ = {
			isa = PBXGroup;
			children = (
				3ADA6F830FED749300F7AFB9 /* IOKit.framework */,
				371878190B230ABD0096E1ED /* QuickTime.framework */,
				3747F285087EFA6A00980B71 /* QuartzCore.framework */,
				3747F283087EFA5D00980B71 /* OpenGL.framework */,
				3747F281087EFA4200980B71 /* Carbon.framework */,
				3747F27F087EFA0700980B71 /* AppKit.framework */,
				3747F27C087EF9EC00980B71 /* Foundation.framework */,
				1058C7A0FEA54F0111CA2CBB /* Linked Frameworks */,
				1058C7A2FEA54F0111CA2CBB /* Other Frameworks */,
			);
			name = Frameworks;
			sourceTree = "<group>";
		};
		377E0372085E481700D64A26 /* Controllers */ = {
			isa = PBXGroup;
			children = (
				372E8224086A431900FC39B4 /* PlayListController.h */,
				372E8225086A431900FC39B4 /* PlayListController.m */,
				377E0373085E482B00D64A26 /* AppController.h */,
				377E0374085E482B00D64A26 /* AppController.m */,
				372E8238086A43CD00FC39B4 /* PlayerController.h */,
				377E0376085E482B00D64A26 /* PlayerController.m */,
				377E0379085E482B00D64A26 /* PreferencesController.h */,
				377E037A085E482B00D64A26 /* PreferencesController.m */,
				377E037B085E482B00D64A26 /* SettingsController.h */,
				377E037C085E482B00D64A26 /* SettingsController.m */,
			);
			name = Controllers;
			sourceTree = "<group>";
		};
		3A0E8A4C0EBF9F91003A2F66 /* Interface */ = {
			isa = PBXGroup;
			children = (
				3AB2120A0EABE74900ACA509 /* PlayerFullscreenWindow.h */,
				3AB2120B0EABE74900ACA509 /* PlayerFullscreenWindow.m */,
				3797409F0875CA980049E91B /* VideoOpenGLView.h */,
				379740A00875CA980049E91B /* VideoOpenGLView.m */,
				37C093EC088429AE00D06F8B /* PlayerWindow.h */,
				37C093EB088429AE00D06F8B /* PlayerWindow.m */,
				37EA4AA3086214020026216A /* VolumeSlider.h */,
				37EA4AA4086214030026216A /* VolumeSlider.m */,
				377E036D085E480E00D64A26 /* ScrubbingBar.h */,
				377E036E085E480E00D64A26 /* ScrubbingBar.m */,
				37B934DA088FDF9200C81536 /* PlaylistTableView.h */,
				37B934DB088FDF9200C81536 /* PlaylistTableView.m */,
				3ABF85400EBFA084001FE779 /* FullscreenControls.h */,
				3ABF85410EBFA084001FE779 /* FullscreenControls.m */,
				3ABF86560EBFAD06001FE779 /* FullscreenControlsView.h */,
				3ABF86570EBFAD06001FE779 /* FullscreenControlsView.m */,
				3AE612640EC08C2D009F2F12 /* FullscreenControlsVolumeSlider.h */,
				3AE612650EC08C2D009F2F12 /* FullscreenControlsVolumeSlider.m */,
				3AFE252F0EC0FA29009FFEC5 /* FullscreenControlsScrubbingBar.h */,
				3AFE25300EC0FA29009FFEC5 /* FullscreenControlsScrubbingBar.m */,
			);
			name = Interface;
			sourceTree = "<group>";
		};
		3A63894E108B953F00E90936 /* MoveApplication */ = {
			isa = PBXGroup;
			children = (
				3A63894F108B953F00E90936 /* PFMoveApplication.h */,
				3A638950108B953F00E90936 /* PFMoveApplication.m */,
			);
			name = MoveApplication;
			path = Sources/External/MoveApplication;
			sourceTree = "<group>";
		};
		3A861DD11085112C00ADE9B9 /* PreferencesIcons */ = {
			isa = PBXGroup;
			children = (
				3A861DD81085153E00ADE9B9 /* applications-accessories.png */,
				3A861DD91085153E00ADE9B9 /* applications-multimedia.png */,
				3A861DDA1085153E00ADE9B9 /* applications-system.png */,
				3A861DDB1085153E00ADE9B9 /* audio-input-microphone.png */,
				3A861DDC1085153E00ADE9B9 /* audio-volume-high.png */,
				3A861DDD1085153E00ADE9B9 /* camera-video.png */,
				3A861DDE1085153E00ADE9B9 /* emblem-system.png */,
				3A861DDF1085153E00ADE9B9 /* font-x-generic.png */,
				3A861DE01085153E00ADE9B9 /* media-playback-start.png */,
				3A861DE11085153E00ADE9B9 /* preferences-desktop.png */,
				3A861DE21085153E00ADE9B9 /* preferences-system.png */,
				3A861DE31085153E00ADE9B9 /* system-file-manager.png */,
				3A861DE41085153E00ADE9B9 /* video-display.png */,
				3A861DE51085153E00ADE9B9 /* video-x-generic.png */,
				3A861DD21085112C00ADE9B9 /* JobLarge.png */,
				3A861DD31085112C00ADE9B9 /* pref-audio.tiff */,
				3A861DD41085112C00ADE9B9 /* pref-picture.tiff */,
			);
			name = PreferencesIcons;
			path = Resources/Graphics/PreferencesIcons;
			sourceTree = "<group>";
		};
/* End PBXGroup section */

/* Begin PBXNativeTarget section */
		8D1107260486CEB800E47090 /* MPlayer OSX Extended */ = {
			isa = PBXNativeTarget;
			buildConfigurationList = 377E024C085E333600D64A26 /* Build configuration list for PBXNativeTarget "MPlayer OSX Extended" */;
			buildPhases = (
				8D1107290486CEB800E47090 /* Resources */,
				8D11072C0486CEB800E47090 /* Sources */,
				8D11072E0486CEB800E47090 /* Frameworks */,
				3AFA91540E5858EF00B3998D /* Copy Files */,
				3A0124531080D4440006160C /* ShellScript */,
			);
			buildRules = (
			);
			dependencies = (
			);
			name = "MPlayer OSX Extended";
			productInstallPath = "$(HOME)/Applications";
			productName = "MPlayer OSX";
			productReference = 8D1107320486CEB800E47090 /* MPlayer OSX Extended.app */;
			productType = "com.apple.product-type.application";
		};
/* End PBXNativeTarget section */

/* Begin PBXProject section */
		29B97313FDCFA39411CA2CEA /* Project object */ = {
			isa = PBXProject;
			buildConfigurationList = 377E0250085E333600D64A26 /* Build configuration list for PBXProject "MPlayer OSX Extended" */;
			compatibilityVersion = "Xcode 2.4";
			hasScannedForEncodings = 1;
			knownRegions = (
				English,
				Japanese,
				French,
				German,
				Korean,
			);
			mainGroup = 29B97314FDCFA39411CA2CEA /* MPlayer OSX */;
			projectDirPath = "";
			projectRoot = "";
			targets = (
				8D1107260486CEB800E47090 /* MPlayer OSX Extended */,
				3A42DBC40EF5866600E9B2CE /* Distribution */,
			);
		};
/* End PBXProject section */

/* Begin PBXResourcesBuildPhase section */
		8D1107290486CEB800E47090 /* Resources */ = {
			isa = PBXResourcesBuildPhase;
			buildActionMask = 2147483647;
			files = (
				3AF152A40F97C21500409534 /* iso-639.plist in Resources */,
				377E032F085E3ED500D64A26 /* audio.icns in Resources */,
				377E0330085E3ED500D64A26 /* icon.icns in Resources */,
				377E0331085E3ED500D64A26 /* info.png in Resources */,
				377E0332085E3ED500D64A26 /* movie.icns in Resources */,
				377E0336085E3ED500D64A26 /* play_mode_0.png in Resources */,
				377E0337085E3ED500D64A26 /* play_mode_1.png in Resources */,
				377E0338085E3ED500D64A26 /* play_mode_2.png in Resources */,
				377E033A085E3ED500D64A26 /* playing_dvd.png in Resources */,
				377E033B085E3ED500D64A26 /* playing_state.png in Resources */,
				377E033C085E3ED500D64A26 /* playing_stream.png in Resources */,
				377E033D085E3ED500D64A26 /* scrub_bar_badge.tif in Resources */,
				377E033E085E3ED500D64A26 /* scrub_bar_ends.tif in Resources */,
				377E033F085E3ED500D64A26 /* scrub_bar_run.tif in Resources */,
				377E0344085E3ED500D64A26 /* settings.png in Resources */,
				377E0347085E3ED500D64A26 /* subtitles.icns in Resources */,
				377E0348085E3ED500D64A26 /* volume0.png in Resources */,
				377E034A085E3ED500D64A26 /* volume2.png in Resources */,
				377E034B085E3ED500D64A26 /* volume3.png in Resources */,
				37EA49C40861CCAB0026216A /* volume1.png in Resources */,
				37EA49FF0861CD840026216A /* MPlayer OSX Help in Resources */,
				37EA4A310861D0980026216A /* MainMenu.nib in Resources */,
				37EA4AB6086218D50026216A /* volumeKnobOff.png in Resources */,
				37EA4ABE086220530026216A /* volumeKnobOn.png in Resources */,
				37EA4BC2086271480026216A /* scrub_bar_anim.png in Resources */,
				37DCF87B0888624D00DBF422 /* play_button_off.png in Resources */,
				37DCF87C0888624D00DBF422 /* play_button_on.png in Resources */,
				37DCF88A088868B300DBF422 /* gotob_button_off.png in Resources */,
				37DCF88B088868B300DBF422 /* gotob_button_on.png in Resources */,
				37DCF88C088868B300DBF422 /* gotoe_button_off.png in Resources */,
				37DCF88D088868B300DBF422 /* gotoe_button_on.png in Resources */,
				37DCF88E088868B300DBF422 /* pause_button_off.png in Resources */,
				37DCF88F088868B300DBF422 /* pause_button_on.png in Resources */,
				37DCF890088868B300DBF422 /* rwd_button_off.png in Resources */,
				37DCF891088868B300DBF422 /* rwd_button_on.png in Resources */,
				37DCF892088868B400DBF422 /* stop_button_off.png in Resources */,
				37DCF893088868B400DBF422 /* stop_button_on.png in Resources */,
				37DCF89808886A2800DBF422 /* ffwd_button_off.png in Resources */,
				37DCF89908886A2800DBF422 /* ffwd_button_on.png in Resources */,
				378749400891B7A60068D97D /* fonts in Resources */,
				3ABF86A80EBFAF4C001FE779 /* fc_background.png in Resources */,
				3AE612370EC08130009F2F12 /* fc_scrub_bg.png in Resources */,
				3AE612380EC08130009F2F12 /* fc_srub_bar.png in Resources */,
				3AE612390EC08130009F2F12 /* fc_fast_rewind.png in Resources */,
				3AE6123A0EC08130009F2F12 /* fc_play.png in Resources */,
				3AE6123B0EC08130009F2F12 /* fc_skip_right.png in Resources */,
				3AE6123C0EC08130009F2F12 /* fc_fast_forward.png in Resources */,
				3AE6123D0EC08130009F2F12 /* fc_fullscreen.png in Resources */,
				3AE6123E0EC08130009F2F12 /* fc_aslider_bar.png in Resources */,
				3AE6123F0EC08130009F2F12 /* fc_aslider_knob.png in Resources */,
				3AE612400EC08130009F2F12 /* fc_audio.png in Resources */,
				3AE612420EC08130009F2F12 /* fc_aslider_icon.png in Resources */,
				3AE612430EC08130009F2F12 /* fc_subtitles.png in Resources */,
				3AE612440EC08130009F2F12 /* fc_skip_left.png in Resources */,
				3AE6124E0EC08677009F2F12 /* fc_play_on.png in Resources */,
				3AE6125A0EC088E7009F2F12 /* fc_aslider_icon_on.png in Resources */,
				3AE6125B0EC088E7009F2F12 /* fc_skip_left_on.png in Resources */,
				3AE6125C0EC088E7009F2F12 /* fc_subtitles_on.png in Resources */,
				3AE6125D0EC088E7009F2F12 /* fc_fullscreen_on.png in Resources */,
				3AE6125E0EC088E7009F2F12 /* fc_fast_forward_on.png in Resources */,
				3AE6125F0EC088E7009F2F12 /* fc_fast_rewind_on.png in Resources */,
				3AE612600EC088E7009F2F12 /* fc_skip_right_on.png in Resources */,
				3AE612610EC088E7009F2F12 /* fc_aslider_knob_on.png in Resources */,
				3AE612620EC088E7009F2F12 /* fc_audio_on.png in Resources */,
				3AFE25360EC0FEBB009FFEC5 /* fc_scrub_anim.png in Resources */,
				3AFE25370EC0FEBB009FFEC5 /* fc_scrub_run.png in Resources */,
				3AFE25380EC0FEBB009FFEC5 /* fc_scrub_ends.png in Resources */,
				3AFE25AD0EC110BF009FFEC5 /* fc_pause.png in Resources */,
				3AFE25AF0EC11114009FFEC5 /* fc_pause_on.png in Resources */,
				3AFE25BE0EC11307009FFEC5 /* fc_scrub_badge.png in Resources */,
				3A5879E00EED4507003408E8 /* dsa_pub.pem in Resources */,
				3A0A3E550F670C89008C8507 /* External_Binaries in Resources */,
				3A861D961084C97800ADE9B9 /* binaries.icns in Resources */,
				3A861DD51085112C00ADE9B9 /* JobLarge.png in Resources */,
				3A861DD61085112C00ADE9B9 /* pref-audio.tiff in Resources */,
				3A861DD71085112C00ADE9B9 /* pref-picture.tiff in Resources */,
				3A861DE61085153E00ADE9B9 /* applications-accessories.png in Resources */,
				3A861DE71085153E00ADE9B9 /* applications-multimedia.png in Resources */,
				3A861DE81085153E00ADE9B9 /* applications-system.png in Resources */,
				3A861DE91085153E00ADE9B9 /* audio-input-microphone.png in Resources */,
				3A861DEA1085153E00ADE9B9 /* audio-volume-high.png in Resources */,
				3A861DEB1085153E00ADE9B9 /* camera-video.png in Resources */,
				3A861DEC1085153E00ADE9B9 /* emblem-system.png in Resources */,
				3A861DED1085153E00ADE9B9 /* font-x-generic.png in Resources */,
				3A861DEE1085153E00ADE9B9 /* media-playback-start.png in Resources */,
				3A861DEF1085153E00ADE9B9 /* preferences-desktop.png in Resources */,
				3A861DF01085153E00ADE9B9 /* preferences-system.png in Resources */,
				3A861DF11085153E00ADE9B9 /* system-file-manager.png in Resources */,
				3A861DF21085153E00ADE9B9 /* video-display.png in Resources */,
				3A861DF31085153E00ADE9B9 /* video-x-generic.png in Resources */,
				3A638955108B95B000E90936 /* MoveApplication.strings in Resources */,
			);
			runOnlyForDeploymentPostprocessing = 0;
		};
/* End PBXResourcesBuildPhase section */

/* Begin PBXShellScriptBuildPhase section */
		3A0124531080D4440006160C /* ShellScript */ = {
			isa = PBXShellScriptBuildPhase;
			buildActionMask = 2147483647;
			files = (
			);
			inputPaths = (
			);
			outputPaths = (
			);
			runOnlyForDeploymentPostprocessing = 0;
			shellPath = /bin/bash;
			shellScript = "set -o errexit\n\n# ***\n# Link Fontconfig dylib and depencies from binary to MPlayer OSX\n# ***\n\nextra_library_dir=\"$TARGET_BUILD_DIR/$CONTENTS_FOLDER_PATH/MacOS/lib\"\n\n# Create library directory\nif [ ! -d \"$extra_library_dir\" ]; then\n    mkdir \"$extra_library_dir\"\nfi\n\n# Switch to library directory\ncd \"$extra_library_dir\"\n\n# Link libraries\nln -sf ../../Resources/External_Binaries/mplayer.app/Contents/MacOS/lib/libfontconfig.1.dylib libfontconfig.1.dylib\nln -sf ../../Resources/External_Binaries/mplayer.app/Contents/MacOS/lib/libfreetype.6.dylib libfreetype.6.dylib\nln -sf ../../Resources/External_Binaries/mplayer.app/Contents/MacOS/lib/libiconv.2.dylib libiconv.2.dylib\nln -sf ../../Resources/External_Binaries/mplayer.app/Contents/MacOS/lib/libexpat.1.dylib libexpat.1.dylib";
		};
		3A42DBC30EF5866600E9B2CE /* ShellScript */ = {
			isa = PBXShellScriptBuildPhase;
			buildActionMask = 2147483647;
			files = (
			);
			inputPaths = (
			);
			outputPaths = (
			);
			runOnlyForDeploymentPostprocessing = 0;
			shellPath = /bin/bash;
			shellScript = "set -o errexit\n\n[ $BUILD_STYLE = Release ] || { echo Distribution target requires \"'Release'\" build style; false; }\n\nVERSION=$(defaults read \"$BUILT_PRODUCTS_DIR/$PROJECT_NAME.app/Contents/Info\" CFBundleShortVersionString)\nBUILD_ID=$(defaults read \"$BUILT_PRODUCTS_DIR/$PROJECT_NAME.app/Contents/Info\" CFBundleVersion)\nDOWNLOAD_BASE_URL=\"http://mplayerosx.sttz.ch/downloads\"\nRELEASENOTES_URL=\"http://mplayerosx.sttz.ch/changes/$VERSION.html\"\n\nARCHIVE_FILENAME=\"MPlayer-OSX-Extended_$VERSION.dmg\"\nDOWNLOAD_URL=\"$DOWNLOAD_BASE_URL/$ARCHIVE_FILENAME\"\nKEYCHAIN_PRIVKEY_NAME=\"MPlayerOSX Sparkle Private Key\"\nRELEASE_DIR=\"releases/\"\n\nWD=$PWD\nrm -f \"$RELEASE_DIR/$ARCHIVE_FILENAME\"\n./Scripts/mposx_create_dmg \"$VERSION\"\n\nSIZE=$(stat -f %z \"$RELEASE_DIR/$ARCHIVE_FILENAME\")\nPUBDATE=$(date +\"%a, %d %b %G %T %z\")\nSIGNATURE=$(\n\topenssl dgst -sha1 -binary < \"$RELEASE_DIR/$ARCHIVE_FILENAME\" \\\n\t| openssl dgst -dss1 -sign <(security find-generic-password -g -s \"$KEYCHAIN_PRIVKEY_NAME\" 2>&1 1>/dev/null | perl -pe '($_) = /\"(.+)\"/; s/\\\\012/\\n/g') \\\n\t| openssl enc -base64\n)\n\n[ $SIGNATURE ] || { echo Unable to load signing private key with name \"'$KEYCHAIN_PRIVKEY_NAME'\" from keychain; false; }\n\ncat <<EOF\n\t\t<item>\n\t\t\t<title>revision $VERSION</title>\n\t\t\t<sparkle:releaseNotesLink>$RELEASENOTES_URL</sparkle:releaseNotesLink>\n\t\t\t<pubDate>$PUBDATE</pubDate>\n\t\t\t<enclosure\n\t\t\t\turl=\"$DOWNLOAD_URL\"\n\t\t\t\tsparkle:version=\"$BUILD_ID\"\n\t\t\t\tsparkle:shortVersionString=\"$VERSION\"\n\t\t\t\ttype=\"application/octet-stream\"\n\t\t\t\tlength=\"$SIZE\"\n\t\t\t\tsparkle:dsaSignature=\"$SIGNATURE\"\n\t\t\t/>\n\t\t</item>\nEOF\n\necho scp \"'$HOME/svn/my-cool-app/build/Release/$ARCHIVE_FILENAME'\" www.example.com:download/\necho scp \"'$WD/appcast.xml'\" www.example.com:web/software/my-cool-app/appcast.xml\n\nosascript -e '\ntell application \"Xcode\"\n\ttell project \"MPlayer OSX Extended\"\n\t\tset active target to target \"MPlayer OSX Extended\"\n\tend tell\nend tell'";
		};
/* End PBXShellScriptBuildPhase section */

/* Begin PBXSourcesBuildPhase section */
		8D11072C0486CEB800E47090 /* Sources */ = {
			isa = PBXSourcesBuildPhase;
			buildActionMask = 2147483647;
			files = (
				8D11072D0486CEB800E47090 /* main.m in Sources */,
				377E036F085E480E00D64A26 /* MplayerInterface.m in Sources */,
				377E0371085E480E00D64A26 /* ScrubbingBar.m in Sources */,
				377E037D085E482B00D64A26 /* AppController.m in Sources */,
				377E037E085E482B00D64A26 /* PlayerController.m in Sources */,
				377E0380085E482B00D64A26 /* PreferencesController.m in Sources */,
				377E0381085E482B00D64A26 /* SettingsController.m in Sources */,
				37EA4B6C086256590026216A /* VolumeSlider.m in Sources */,
				372E8226086A431900FC39B4 /* PlayListController.m in Sources */,
				379740A10875CA980049E91B /* VideoOpenGLView.m in Sources */,
				37C093ED088429AE00D06F8B /* PlayerWindow.m in Sources */,
				37B934DC088FDF9200C81536 /* PlaylistTableView.m in Sources */,
				3A0943290E44F8E300E6753F /* MovieInfo.m in Sources */,
				3A09436C0E45043000E6753F /* LanguageCodes.m in Sources */,
				3A38D3C50E50E45A00C1E468 /* Debug.m in Sources */,
				3AB2120C0EABE74900ACA509 /* PlayerFullscreenWindow.m in Sources */,
				3ABF85420EBFA084001FE779 /* FullscreenControls.m in Sources */,
				3ABF86580EBFAD06001FE779 /* FullscreenControlsView.m in Sources */,
				3AE612660EC08C2D009F2F12 /* FullscreenControlsVolumeSlider.m in Sources */,
				3AFE25310EC0FA29009FFEC5 /* FullscreenControlsScrubbingBar.m in Sources */,
				3AF152260F97B3F700409534 /* RegexKitLite.m in Sources */,
				3A36660F0FE6E6A500CF05DC /* AppleRemote.m in Sources */,
				3A638951108B953F00E90936 /* PFMoveApplication.m in Sources */,
			);
			runOnlyForDeploymentPostprocessing = 0;
		};
/* End PBXSourcesBuildPhase section */

/* Begin PBXTargetDependency section */
		3A42DBCB0EF5867400E9B2CE /* PBXTargetDependency */ = {
			isa = PBXTargetDependency;
			target = 8D1107260486CEB800E47090 /* MPlayer OSX Extended */;
			targetProxy = 3A42DBCA0EF5867400E9B2CE /* PBXContainerItemProxy */;
		};
/* End PBXTargetDependency section */

/* Begin PBXVariantGroup section */
		37EA49EE0861CD840026216A /* MPlayer OSX Help */ = {
			isa = PBXVariantGroup;
			children = (
				37EA49EF0861CD840026216A /* English */,
			);
			name = "MPlayer OSX Help";
			sourceTree = "<group>";
		};
		37EA4A2F0861D0980026216A /* MainMenu.nib */ = {
			isa = PBXVariantGroup;
			children = (
				37EA4A300861D0980026216A /* English */,
			);
			name = MainMenu.nib;
			sourceTree = "<group>";
		};
		3A638953108B95B000E90936 /* MoveApplication.strings */ = {
			isa = PBXVariantGroup;
			children = (
				3A638954108B95B000E90936 /* English */,
			);
			name = MoveApplication.strings;
			sourceTree = "<group>";
		};
/* End PBXVariantGroup section */

/* Begin XCBuildConfiguration section */
		377E024D085E333600D64A26 /* Debug */ = {
			isa = XCBuildConfiguration;
			buildSettings = {
				COPY_PHASE_STRIP = NO;
				GCC_DYNAMIC_NO_PIC = NO;
				GCC_ENABLE_FIX_AND_CONTINUE = YES;
				GCC_GENERATE_DEBUGGING_SYMBOLS = YES;
				GCC_OPTIMIZATION_LEVEL = 0;
				GCC_PRECOMPILE_PREFIX_HEADER = YES;
				GCC_PREFIX_HEADER = "Sources/MPlayer OSX_Prefix.pch";
				GCC_PREPROCESSOR_DEFINITIONS = "DEBUG=1";
				GCC_WARN_ABOUT_MISSING_NEWLINE = NO;
				GCC_WARN_ABOUT_RETURN_TYPE = YES;
				GCC_WARN_UNUSED_VARIABLE = YES;
				PREBINDING = NO;
				ZERO_LINK = YES;
			};
			name = Debug;
		};
		377E024E085E333600D64A26 /* Release */ = {
			isa = XCBuildConfiguration;
			buildSettings = {
				COPY_PHASE_STRIP = YES;
				DEPLOYMENT_POSTPROCESSING = YES;
				GCC_DYNAMIC_NO_PIC = YES;
				GCC_ENABLE_FIX_AND_CONTINUE = NO;
				GCC_GENERATE_DEBUGGING_SYMBOLS = NO;
				GCC_PRECOMPILE_PREFIX_HEADER = YES;
				GCC_PREFIX_HEADER = "Sources/MPlayer OSX_Prefix.pch";
				GCC_WARN_ABOUT_RETURN_TYPE = YES;
				GCC_WARN_UNUSED_VARIABLE = YES;
				PREBINDING = NO;
				STRIP_INSTALLED_PRODUCT = YES;
				ZERO_LINK = NO;
			};
			name = Release;
		};
		377E0251085E333600D64A26 /* Debug */ = {
			isa = XCBuildConfiguration;
			buildSettings = {
				ARCHS = (
					x86_64,
					i386,
					ppc,
				);
				COPY_PHASE_STRIP = NO;
				FRAMEWORK_SEARCH_PATHS = "\"$(SRCROOT)\"";
				GCC_DEBUGGING_SYMBOLS = used;
				GCC_ENABLE_FIX_AND_CONTINUE = YES;
				GCC_MODEL_TUNING = "";
				GCC_OPTIMIZATION_LEVEL = 0;
				HEADER_SEARCH_PATHS = "\"${SRCROOT}/../mplayer/usrs/local/include\"";
				INFOPLIST_FILE = Resources/Info.plist;
				LIBRARY_SEARCH_PATHS = "\"$(SRCROOT)/External_Binaries/mplayer.app/Contents/MacOS/lib\"";
				MACOSX_DEPLOYMENT_TARGET = 10.5;
				OTHER_LDFLAGS = "-licucore";
				PRODUCT_NAME = "MPlayer OSX Extended";
				SDKROOT = /Developer/SDKs/MacOSX10.5.sdk;
				YACC_GENERATE_DEBUGGING_DIRECTIVES = YES;
				ZERO_LINK = YES;
			};
			name = Debug;
		};
		377E0252085E333600D64A26 /* Release */ = {
			isa = XCBuildConfiguration;
			buildSettings = {
				ARCHS = (
					x86_64,
					i386,
					ppc,
				);
				FRAMEWORK_SEARCH_PATHS = "\"$(SRCROOT)\"";
				GCC_MODEL_TUNING = "";
				HEADER_SEARCH_PATHS = "\"${SRCROOT}/../mplayer/usrs/local/include\"";
				INFOPLIST_FILE = Resources/Info.plist;
				LIBRARY_SEARCH_PATHS = "\"$(SRCROOT)/External_Binaries/mplayer.app/Contents/MacOS/lib\"";
				MACOSX_DEPLOYMENT_TARGET = 10.5;
				OTHER_LDFLAGS = "-licucore";
				PRODUCT_NAME = "MPlayer OSX Extended";
				SDKROOT = /Developer/SDKs/MacOSX10.5.sdk;
			};
			name = Release;
		};
		3A42DBC50EF5866600E9B2CE /* Debug */ = {
			isa = XCBuildConfiguration;
			buildSettings = {
				COPY_PHASE_STRIP = NO;
				GCC_DYNAMIC_NO_PIC = NO;
				GCC_OPTIMIZATION_LEVEL = 0;
				PRODUCT_NAME = Distribution;
			};
			name = Debug;
		};
		3A42DBC60EF5866600E9B2CE /* Release */ = {
			isa = XCBuildConfiguration;
			buildSettings = {
				COPY_PHASE_STRIP = YES;
				DEBUG_INFORMATION_FORMAT = "dwarf-with-dsym";
				GCC_ENABLE_FIX_AND_CONTINUE = NO;
				PRODUCT_NAME = Distribution;
				ZERO_LINK = NO;
			};
			name = Release;
		};
/* End XCBuildConfiguration section */

/* Begin XCConfigurationList section */
		377E024C085E333600D64A26 /* Build configuration list for PBXNativeTarget "MPlayer OSX Extended" */ = {
			isa = XCConfigurationList;
			buildConfigurations = (
				377E024D085E333600D64A26 /* Debug */,
				377E024E085E333600D64A26 /* Release */,
			);
			defaultConfigurationIsVisible = 0;
			defaultConfigurationName = Debug;
		};
		377E0250085E333600D64A26 /* Build configuration list for PBXProject "MPlayer OSX Extended" */ = {
			isa = XCConfigurationList;
			buildConfigurations = (
				377E0251085E333600D64A26 /* Debug */,
				377E0252085E333600D64A26 /* Release */,
			);
			defaultConfigurationIsVisible = 0;
			defaultConfigurationName = Debug;
		};
		3A42DBC90EF5866C00E9B2CE /* Build configuration list for PBXAggregateTarget "Distribution" */ = {
			isa = XCConfigurationList;
			buildConfigurations = (
				3A42DBC50EF5866600E9B2CE /* Debug */,
				3A42DBC60EF5866600E9B2CE /* Release */,
			);
			defaultConfigurationIsVisible = 0;
			defaultConfigurationName = Debug;
		};
/* End XCConfigurationList section */
	};
	rootObject = 29B97313FDCFA39411CA2CEA /* Project object */;
}
